PODS:
  - Alamofire (4.5.0)
  - Gloss (1.2.4)
  - Moya (8.0.5):
    - Moya/Core (= 8.0.5)
  - Moya-Gloss (2.0.3):
    - Moya-Gloss/Core (= 2.0.3)
  - Moya-Gloss/Core (2.0.3):
    - Gloss (~> 1.2)
    - Moya (~> 8.0)
  - Moya-Gloss/ReactiveSwift (2.0.3):
    - Moya-Gloss/Core
    - Moya/ReactiveSwift
    - ReactiveSwift (~> 1.1)
  - Moya-Gloss/RxSwift (2.0.3):
    - Moya-Gloss/Core
    - Moya/RxSwift
    - RxSwift (~> 3.4)
  - Moya/Core (8.0.5):
    - Alamofire (~> 4.1)
    - Result (~> 3.0)
  - Moya/ReactiveSwift (8.0.5):
    - Moya/Core
    - ReactiveSwift (~> 1.1)
  - Moya/RxSwift (8.0.5):
    - Moya/Core
    - RxSwift (~> 3.0)
  - Nimble (7.0.1)
  - Quick (1.1.0)
  - ReactiveSwift (1.1.5):
    - Result (~> 3.2)
  - Result (3.2.3)
  - RxSwift (3.6.0)

DEPENDENCIES:
  - Moya-Gloss (from `../`)
  - Moya-Gloss/ReactiveSwift (from `../`)
  - Moya-Gloss/RxSwift (from `../`)
  - Nimble
  - Quick

EXTERNAL SOURCES:
  Moya-Gloss:
    :path: "../"

SPEC CHECKSUMS:
  Alamofire: f28cdffd29de33a7bfa022cbd63ae95a27fae140
  Gloss: 4e036074610fdb993abcb958ebcd7332588e2333
  Moya: c37eec09a098ba9991b5a963b291fc5704bdb9ef
  Moya-Gloss: 8965c707c48be31afc08eb38f43ea9d2ea2cdb0c
  Nimble: 657d000e11df8aebe27cdaf9d244de7f30ed87f7
  Quick: dafc587e21eed9f4cab3249b9f9015b0b7a7f71d
  ReactiveSwift: 3fea31f8fc49f112d2dc613282c5d395c4d167bb
  Result: 128640a6347e8d2ae48b142556739a2d13f90ce6
  RxSwift: a0925c7fb11fbe60055285f6f2062241aa37a175

PODFILE CHECKSUM: bf727c169eebfb271cbb6e3ffd17495bb3cf7991

COCOAPODS: 1.2.1
