// !$*UTF8*$!
{
	archiveVersion = 1;
	classes = {
	};
	objectVersion = 46;
	objects = {

/* Begin PBXBuildFile section */
		5F12038932936B9510B202F7 /* Pods_Demo.framework in Frameworks */ = {isa = PBXBuildFile; fileRef = 8F345E3A29A909056CE9DA3F /* Pods_Demo.framework */; };
		B09448F91CB4798000A31432 /* AppDelegate.swift in Sources */ = {isa = PBXBuildFile; fileRef = B09448F81CB4798000A31432 /* AppDelegate.swift */; };
		B09448FB1CB4798000A31432 /* ViewController.swift in Sources */ = {isa = PBXBuildFile; fileRef = B09448FA1CB4798000A31432 /* ViewController.swift */; };
		B09448FE1CB4798000A31432 /* Main.storyboard in Resources */ = {isa = PBXBuildFile; fileRef = B09448FC1CB4798000A31432 /* Main.storyboard */; };
		B09449001CB4798000A31432 /* Assets.xcassets in Resources */ = {isa = PBXBuildFile; fileRef = B09448FF1CB4798000A31432 /* Assets.xcassets */; };
		B09449031CB4798000A31432 /* LaunchScreen.storyboard in Resources */ = {isa = PBXBuildFile; fileRef = B09449011CB4798000A31432 /* LaunchScreen.storyboard */; };
		B09CDBFC1CB5C4C000F2C733 /* ResponseTests.swift in Sources */ = {isa = PBXBuildFile; fileRef = B09CDBFB1CB5C4C000F2C733 /* ResponseTests.swift */; };
		B09CDBFE1CB5C6BC00F2C733 /* bad_format.json in Resources */ = {isa = PBXBuildFile; fileRef = B09CDBFD1CB5C6BC00F2C733 /* bad_format.json */; };
		B09CDC001CB5C6F000F2C733 /* bad_person.json in Resources */ = {isa = PBXBuildFile; fileRef = B09CDBFF1CB5C6F000F2C733 /* bad_person.json */; };
		B09CDC021CB5D1D600F2C733 /* ObservableTests.swift in Sources */ = {isa = PBXBuildFile; fileRef = B09CDC011CB5D1D600F2C733 /* ObservableTests.swift */; };
		B0A52E7A1CB48F500042C221 /* API.swift in Sources */ = {isa = PBXBuildFile; fileRef = B0A52E791CB48F500042C221 /* API.swift */; };
		B0A52E7E1CB586560042C221 /* people.json in Resources */ = {isa = PBXBuildFile; fileRef = B0A52E7C1CB586560042C221 /* people.json */; };
		B0A52E7F1CB586560042C221 /* person.json in Resources */ = {isa = PBXBuildFile; fileRef = B0A52E7D1CB586560042C221 /* person.json */; };
		B0A52E811CB588190042C221 /* Person.swift in Sources */ = {isa = PBXBuildFile; fileRef = B0A52E801CB588190042C221 /* Person.swift */; };
		B0E6B2531CC00CA60088B173 /* SignalProducerTests.swift in Sources */ = {isa = PBXBuildFile; fileRef = B0E6B2521CC00CA60088B173 /* SignalProducerTests.swift */; };
		B0EA4E621D34858700DA245A /* nested_person.json in Resources */ = {isa = PBXBuildFile; fileRef = B0EA4E611D34858700DA245A /* nested_person.json */; };
		B0EA4E641D3485B300DA245A /* nested_people.json in Resources */ = {isa = PBXBuildFile; fileRef = B0EA4E631D3485B300DA245A /* nested_people.json */; };
		E69FD7207D1DDA163027D852 /* Pods_Tests.framework in Frameworks */ = {isa = PBXBuildFile; fileRef = B10BAA852787072E8B963CCD /* Pods_Tests.framework */; };
/* End PBXBuildFile section */

/* Begin PBXContainerItemProxy section */
		B0996BDE1CB5BC67003A12DF /* PBXContainerItemProxy */ = {
			isa = PBXContainerItemProxy;
			containerPortal = B09448ED1CB4798000A31432 /* Project object */;
			proxyType = 1;
			remoteGlobalIDString = B09448F41CB4798000A31432;
			remoteInfo = Demo;
		};
/* End PBXContainerItemProxy section */

/* Begin PBXFileReference section */
		251CD900A13D7F6C862EC584 /* Pods-Demo.release.xcconfig */ = {isa = PBXFileReference; includeInIndex = 1; lastKnownFileType = text.xcconfig; name = "Pods-Demo.release.xcconfig"; path = "Pods/Target Support Files/Pods-Demo/Pods-Demo.release.xcconfig"; sourceTree = "<group>"; };
		5420AECCF37EA0B96A63475F /* Pods-Tests.debug.xcconfig */ = {isa = PBXFileReference; includeInIndex = 1; lastKnownFileType = text.xcconfig; name = "Pods-Tests.debug.xcconfig"; path = "Pods/Target Support Files/Pods-Tests/Pods-Tests.debug.xcconfig"; sourceTree = "<group>"; };
		65408D55B4EFDDB1F7DF97F5 /* Pods-Tests.release.xcconfig */ = {isa = PBXFileReference; includeInIndex = 1; lastKnownFileType = text.xcconfig; name = "Pods-Tests.release.xcconfig"; path = "Pods/Target Support Files/Pods-Tests/Pods-Tests.release.xcconfig"; sourceTree = "<group>"; };
		8F345E3A29A909056CE9DA3F /* Pods_Demo.framework */ = {isa = PBXFileReference; explicitFileType = wrapper.framework; includeInIndex = 0; path = Pods_Demo.framework; sourceTree = BUILT_PRODUCTS_DIR; };
		B09448F51CB4798000A31432 /* Demo.app */ = {isa = PBXFileReference; explicitFileType = wrapper.application; includeInIndex = 0; path = Demo.app; sourceTree = BUILT_PRODUCTS_DIR; };
		B09448F81CB4798000A31432 /* AppDelegate.swift */ = {isa = PBXFileReference; lastKnownFileType = sourcecode.swift; path = AppDelegate.swift; sourceTree = "<group>"; };
		B09448FA1CB4798000A31432 /* ViewController.swift */ = {isa = PBXFileReference; lastKnownFileType = sourcecode.swift; path = ViewController.swift; sourceTree = "<group>"; };
		B09448FD1CB4798000A31432 /* Base */ = {isa = PBXFileReference; lastKnownFileType = file.storyboard; name = Base; path = Base.lproj/Main.storyboard; sourceTree = "<group>"; };
		B09448FF1CB4798000A31432 /* Assets.xcassets */ = {isa = PBXFileReference; lastKnownFileType = folder.assetcatalog; path = Assets.xcassets; sourceTree = "<group>"; };
		B09449021CB4798000A31432 /* Base */ = {isa = PBXFileReference; lastKnownFileType = file.storyboard; name = Base; path = Base.lproj/LaunchScreen.storyboard; sourceTree = "<group>"; };
		B09449041CB4798000A31432 /* Info.plist */ = {isa = PBXFileReference; lastKnownFileType = text.plist.xml; path = Info.plist; sourceTree = "<group>"; };
		B0996BD91CB5BC67003A12DF /* Tests.xctest */ = {isa = PBXFileReference; explicitFileType = wrapper.cfbundle; includeInIndex = 0; path = Tests.xctest; sourceTree = BUILT_PRODUCTS_DIR; };
		B0996BDD1CB5BC67003A12DF /* Info.plist */ = {isa = PBXFileReference; lastKnownFileType = text.plist.xml; path = Info.plist; sourceTree = "<group>"; };
		B09CDBFB1CB5C4C000F2C733 /* ResponseTests.swift */ = {isa = PBXFileReference; fileEncoding = 4; lastKnownFileType = sourcecode.swift; path = ResponseTests.swift; sourceTree = "<group>"; };
		B09CDBFD1CB5C6BC00F2C733 /* bad_format.json */ = {isa = PBXFileReference; fileEncoding = 4; lastKnownFileType = text.json; path = bad_format.json; sourceTree = "<group>"; };
		B09CDBFF1CB5C6F000F2C733 /* bad_person.json */ = {isa = PBXFileReference; fileEncoding = 4; lastKnownFileType = text.json; path = bad_person.json; sourceTree = "<group>"; };
		B09CDC011CB5D1D600F2C733 /* ObservableTests.swift */ = {isa = PBXFileReference; fileEncoding = 4; lastKnownFileType = sourcecode.swift; path = ObservableTests.swift; sourceTree = "<group>"; };
		B0A52E791CB48F500042C221 /* API.swift */ = {isa = PBXFileReference; fileEncoding = 4; lastKnownFileType = sourcecode.swift; path = API.swift; sourceTree = "<group>"; };
		B0A52E7C1CB586560042C221 /* people.json */ = {isa = PBXFileReference; fileEncoding = 4; lastKnownFileType = text.json; path = people.json; sourceTree = "<group>"; };
		B0A52E7D1CB586560042C221 /* person.json */ = {isa = PBXFileReference; fileEncoding = 4; lastKnownFileType = text.json; path = person.json; sourceTree = "<group>"; };
		B0A52E801CB588190042C221 /* Person.swift */ = {isa = PBXFileReference; fileEncoding = 4; lastKnownFileType = sourcecode.swift; path = Person.swift; sourceTree = "<group>"; };
		B0E6B2521CC00CA60088B173 /* SignalProducerTests.swift */ = {isa = PBXFileReference; fileEncoding = 4; lastKnownFileType = sourcecode.swift; path = SignalProducerTests.swift; sourceTree = "<group>"; };
		B0EA4E611D34858700DA245A /* nested_person.json */ = {isa = PBXFileReference; fileEncoding = 4; lastKnownFileType = text.json; path = nested_person.json; sourceTree = "<group>"; };
		B0EA4E631D3485B300DA245A /* nested_people.json */ = {isa = PBXFileReference; fileEncoding = 4; lastKnownFileType = text.json; path = nested_people.json; sourceTree = "<group>"; };
		B10BAA852787072E8B963CCD /* Pods_Tests.framework */ = {isa = PBXFileReference; explicitFileType = wrapper.framework; includeInIndex = 0; path = Pods_Tests.framework; sourceTree = BUILT_PRODUCTS_DIR; };
		C0F5EF64CAECFAE232909410 /* Pods-Demo.debug.xcconfig */ = {isa = PBXFileReference; includeInIndex = 1; lastKnownFileType = text.xcconfig; name = "Pods-Demo.debug.xcconfig"; path = "Pods/Target Support Files/Pods-Demo/Pods-Demo.debug.xcconfig"; sourceTree = "<group>"; };
/* End PBXFileReference section */

/* Begin PBXFrameworksBuildPhase section */
		B09448F21CB4798000A31432 /* Frameworks */ = {
			isa = PBXFrameworksBuildPhase;
			buildActionMask = 2147483647;
			files = (
				5F12038932936B9510B202F7 /* Pods_Demo.framework in Frameworks */,
			);
			runOnlyForDeploymentPostprocessing = 0;
		};
		B0996BD61CB5BC67003A12DF /* Frameworks */ = {
			isa = PBXFrameworksBuildPhase;
			buildActionMask = 2147483647;
			files = (
				E69FD7207D1DDA163027D852 /* Pods_Tests.framework in Frameworks */,
			);
			runOnlyForDeploymentPostprocessing = 0;
		};
/* End PBXFrameworksBuildPhase section */

/* Begin PBXGroup section */
		455A9698ADDF259A3D88492E /* Frameworks */ = {
			isa = PBXGroup;
			children = (
				8F345E3A29A909056CE9DA3F /* Pods_Demo.framework */,
				B10BAA852787072E8B963CCD /* Pods_Tests.framework */,
			);
			name = Frameworks;
			sourceTree = "<group>";
		};
		B09448EC1CB4798000A31432 = {
			isa = PBXGroup;
			children = (
				B09448F71CB4798000A31432 /* Demo */,
				B0996BDA1CB5BC67003A12DF /* Tests */,
				B09448F61CB4798000A31432 /* Products */,
				BA919D0358E857338D4616CE /* Pods */,
				455A9698ADDF259A3D88492E /* Frameworks */,
			);
			indentWidth = 2;
			sourceTree = "<group>";
			tabWidth = 2;
		};
		B09448F61CB4798000A31432 /* Products */ = {
			isa = PBXGroup;
			children = (
				B09448F51CB4798000A31432 /* Demo.app */,
				B0996BD91CB5BC67003A12DF /* Tests.xctest */,
			);
			name = Products;
			sourceTree = "<group>";
		};
		B09448F71CB4798000A31432 /* Demo */ = {
			isa = PBXGroup;
			children = (
				B0A52E7B1CB586560042C221 /* Stubbed Responses */,
				B0A52E801CB588190042C221 /* Person.swift */,
				B0A52E791CB48F500042C221 /* API.swift */,
				B09448F81CB4798000A31432 /* AppDelegate.swift */,
				B09448FA1CB4798000A31432 /* ViewController.swift */,
				B09449041CB4798000A31432 /* Info.plist */,
				B09448FC1CB4798000A31432 /* Main.storyboard */,
				B09448FF1CB4798000A31432 /* Assets.xcassets */,
				B09449011CB4798000A31432 /* LaunchScreen.storyboard */,
			);
			path = Demo;
			sourceTree = "<group>";
		};
		B0996BDA1CB5BC67003A12DF /* Tests */ = {
			isa = PBXGroup;
			children = (
				B09CDBFB1CB5C4C000F2C733 /* ResponseTests.swift */,
				B09CDC011CB5D1D600F2C733 /* ObservableTests.swift */,
				B0E6B2521CC00CA60088B173 /* SignalProducerTests.swift */,
				B0996BDD1CB5BC67003A12DF /* Info.plist */,
			);
			path = Tests;
			sourceTree = "<group>";
		};
		B0A52E7B1CB586560042C221 /* Stubbed Responses */ = {
			isa = PBXGroup;
			children = (
				B0A52E7C1CB586560042C221 /* people.json */,
				B0A52E7D1CB586560042C221 /* person.json */,
				B09CDBFD1CB5C6BC00F2C733 /* bad_format.json */,
				B09CDBFF1CB5C6F000F2C733 /* bad_person.json */,
				B0EA4E611D34858700DA245A /* nested_person.json */,
				B0EA4E631D3485B300DA245A /* nested_people.json */,
			);
			path = "Stubbed Responses";
			sourceTree = "<group>";
		};
		BA919D0358E857338D4616CE /* Pods */ = {
			isa = PBXGroup;
			children = (
				C0F5EF64CAECFAE232909410 /* Pods-Demo.debug.xcconfig */,
				251CD900A13D7F6C862EC584 /* Pods-Demo.release.xcconfig */,
				5420AECCF37EA0B96A63475F /* Pods-Tests.debug.xcconfig */,
				65408D55B4EFDDB1F7DF97F5 /* Pods-Tests.release.xcconfig */,
			);
			name = Pods;
			sourceTree = "<group>";
		};
/* End PBXGroup section */

/* Begin PBXNativeTarget section */
		B09448F41CB4798000A31432 /* Demo */ = {
			isa = PBXNativeTarget;
			buildConfigurationList = B09449071CB4798000A31432 /* Build configuration list for PBXNativeTarget "Demo" */;
			buildPhases = (
				18F93F1D50D37F625EDCEFC3 /* [CP] Check Pods Manifest.lock */,
				B09448F11CB4798000A31432 /* Sources */,
				B09448F21CB4798000A31432 /* Frameworks */,
				B09448F31CB4798000A31432 /* Resources */,
				721CF377526BB843FDC030C7 /* [CP] Embed Pods Frameworks */,
				899336D5C19BC0D3F1A9F828 /* [CP] Copy Pods Resources */,
			);
			buildRules = (
			);
			dependencies = (
			);
			name = Demo;
			productName = Demo;
			productReference = B09448F51CB4798000A31432 /* Demo.app */;
			productType = "com.apple.product-type.application";
		};
		B0996BD81CB5BC67003A12DF /* Tests */ = {
			isa = PBXNativeTarget;
			buildConfigurationList = B0996BE21CB5BC67003A12DF /* Build configuration list for PBXNativeTarget "Tests" */;
			buildPhases = (
				84B7A5B9DC13AF778ED2DE1E /* [CP] Check Pods Manifest.lock */,
				B0996BD51CB5BC67003A12DF /* Sources */,
				B0996BD61CB5BC67003A12DF /* Frameworks */,
				B0996BD71CB5BC67003A12DF /* Resources */,
				0EC09B7016B47B5DDB08A7FC /* [CP] Embed Pods Frameworks */,
				3F01A015451ABFE45ABE0D16 /* [CP] Copy Pods Resources */,
			);
			buildRules = (
			);
			dependencies = (
				B0996BDF1CB5BC67003A12DF /* PBXTargetDependency */,
			);
			name = Tests;
			productName = Tests;
			productReference = B0996BD91CB5BC67003A12DF /* Tests.xctest */;
			productType = "com.apple.product-type.bundle.unit-test";
		};
/* End PBXNativeTarget section */

/* Begin PBXProject section */
		B09448ED1CB4798000A31432 /* Project object */ = {
			isa = PBXProject;
			attributes = {
				LastSwiftUpdateCheck = 0730;
				LastUpgradeCheck = 0910;
				ORGANIZATIONNAME = "steven rogers";
				TargetAttributes = {
					B09448F41CB4798000A31432 = {
						CreatedOnToolsVersion = 7.3;
						LastSwiftMigration = 0800;
						ProvisioningStyle = Manual;
					};
					B0996BD81CB5BC67003A12DF = {
						CreatedOnToolsVersion = 7.3;
						LastSwiftMigration = 0800;
						TestTargetID = B09448F41CB4798000A31432;
					};
				};
			};
			buildConfigurationList = B09448F01CB4798000A31432 /* Build configuration list for PBXProject "Demo" */;
			compatibilityVersion = "Xcode 3.2";
			developmentRegion = English;
			hasScannedForEncodings = 0;
			knownRegions = (
				en,
				Base,
			);
			mainGroup = B09448EC1CB4798000A31432;
			productRefGroup = B09448F61CB4798000A31432 /* Products */;
			projectDirPath = "";
			projectRoot = "";
			targets = (
				B09448F41CB4798000A31432 /* Demo */,
				B0996BD81CB5BC67003A12DF /* Tests */,
			);
		};
/* End PBXProject section */

/* Begin PBXResourcesBuildPhase section */
		B09448F31CB4798000A31432 /* Resources */ = {
			isa = PBXResourcesBuildPhase;
			buildActionMask = 2147483647;
			files = (
				B0A52E7E1CB586560042C221 /* people.json in Resources */,
				B0EA4E621D34858700DA245A /* nested_person.json in Resources */,
				B09449031CB4798000A31432 /* LaunchScreen.storyboard in Resources */,
				B09CDC001CB5C6F000F2C733 /* bad_person.json in Resources */,
				B0EA4E641D3485B300DA245A /* nested_people.json in Resources */,
				B09449001CB4798000A31432 /* Assets.xcassets in Resources */,
				B0A52E7F1CB586560042C221 /* person.json in Resources */,
				B09CDBFE1CB5C6BC00F2C733 /* bad_format.json in Resources */,
				B09448FE1CB4798000A31432 /* Main.storyboard in Resources */,
			);
			runOnlyForDeploymentPostprocessing = 0;
		};
		B0996BD71CB5BC67003A12DF /* Resources */ = {
			isa = PBXResourcesBuildPhase;
			buildActionMask = 2147483647;
			files = (
			);
			runOnlyForDeploymentPostprocessing = 0;
		};
/* End PBXResourcesBuildPhase section */

/* Begin PBXShellScriptBuildPhase section */
		0EC09B7016B47B5DDB08A7FC /* [CP] Embed Pods Frameworks */ = {
			isa = PBXShellScriptBuildPhase;
			buildActionMask = 2147483647;
			files = (
			);
			inputPaths = (
			);
			name = "[CP] Embed Pods Frameworks";
			outputPaths = (
			);
			runOnlyForDeploymentPostprocessing = 0;
			shellPath = /bin/sh;
			shellScript = "\"${SRCROOT}/Pods/Target Support Files/Pods-Tests/Pods-Tests-frameworks.sh\"\n";
			showEnvVarsInLog = 0;
		};
		18F93F1D50D37F625EDCEFC3 /* [CP] Check Pods Manifest.lock */ = {
			isa = PBXShellScriptBuildPhase;
			buildActionMask = 2147483647;
			files = (
			);
			inputPaths = (
			);
			name = "[CP] Check Pods Manifest.lock";
			outputPaths = (
			);
			runOnlyForDeploymentPostprocessing = 0;
			shellPath = /bin/sh;
			shellScript = "diff \"${PODS_PODFILE_DIR_PATH}/Podfile.lock\" \"${PODS_ROOT}/Manifest.lock\" > /dev/null\nif [ $? != 0 ] ; then\n    # print error to STDERR\n    echo \"error: The sandbox is not in sync with the Podfile.lock. Run 'pod install' or update your CocoaPods installation.\" >&2\n    exit 1\nfi\n";
			showEnvVarsInLog = 0;
		};
		3F01A015451ABFE45ABE0D16 /* [CP] Copy Pods Resources */ = {
			isa = PBXShellScriptBuildPhase;
			buildActionMask = 2147483647;
			files = (
			);
			inputPaths = (
			);
			name = "[CP] Copy Pods Resources";
			outputPaths = (
			);
			runOnlyForDeploymentPostprocessing = 0;
			shellPath = /bin/sh;
			shellScript = "\"${SRCROOT}/Pods/Target Support Files/Pods-Tests/Pods-Tests-resources.sh\"\n";
			showEnvVarsInLog = 0;
		};
		721CF377526BB843FDC030C7 /* [CP] Embed Pods Frameworks */ = {
			isa = PBXShellScriptBuildPhase;
			buildActionMask = 2147483647;
			files = (
			);
			inputPaths = (
			);
			name = "[CP] Embed Pods Frameworks";
			outputPaths = (
			);
			runOnlyForDeploymentPostprocessing = 0;
			shellPath = /bin/sh;
			shellScript = "\"${SRCROOT}/Pods/Target Support Files/Pods-Demo/Pods-Demo-frameworks.sh\"\n";
			showEnvVarsInLog = 0;
		};
		84B7A5B9DC13AF778ED2DE1E /* [CP] Check Pods Manifest.lock */ = {
			isa = PBXShellScriptBuildPhase;
			buildActionMask = 2147483647;
			files = (
			);
			inputPaths = (
			);
			name = "[CP] Check Pods Manifest.lock";
			outputPaths = (
			);
			runOnlyForDeploymentPostprocessing = 0;
			shellPath = /bin/sh;
			shellScript = "diff \"${PODS_PODFILE_DIR_PATH}/Podfile.lock\" \"${PODS_ROOT}/Manifest.lock\" > /dev/null\nif [ $? != 0 ] ; then\n    # print error to STDERR\n    echo \"error: The sandbox is not in sync with the Podfile.lock. Run 'pod install' or update your CocoaPods installation.\" >&2\n    exit 1\nfi\n";
			showEnvVarsInLog = 0;
		};
		899336D5C19BC0D3F1A9F828 /* [CP] Copy Pods Resources */ = {
			isa = PBXShellScriptBuildPhase;
			buildActionMask = 2147483647;
			files = (
			);
			inputPaths = (
			);
			name = "[CP] Copy Pods Resources";
			outputPaths = (
			);
			runOnlyForDeploymentPostprocessing = 0;
			shellPath = /bin/sh;
			shellScript = "\"${SRCROOT}/Pods/Target Support Files/Pods-Demo/Pods-Demo-resources.sh\"\n";
			showEnvVarsInLog = 0;
		};
/* End PBXShellScriptBuildPhase section */

/* Begin PBXSourcesBuildPhase section */
		B09448F11CB4798000A31432 /* Sources */ = {
			isa = PBXSourcesBuildPhase;
			buildActionMask = 2147483647;
			files = (
				B0A52E811CB588190042C221 /* Person.swift in Sources */,
				B09448FB1CB4798000A31432 /* ViewController.swift in Sources */,
				B0A52E7A1CB48F500042C221 /* API.swift in Sources */,
				B09448F91CB4798000A31432 /* AppDelegate.swift in Sources */,
			);
			runOnlyForDeploymentPostprocessing = 0;
		};
		B0996BD51CB5BC67003A12DF /* Sources */ = {
			isa = PBXSourcesBuildPhase;
			buildActionMask = 2147483647;
			files = (
				B0E6B2531CC00CA60088B173 /* SignalProducerTests.swift in Sources */,
				B09CDC021CB5D1D600F2C733 /* ObservableTests.swift in Sources */,
				B09CDBFC1CB5C4C000F2C733 /* ResponseTests.swift in Sources */,
			);
			runOnlyForDeploymentPostprocessing = 0;
		};
/* End PBXSourcesBuildPhase section */

/* Begin PBXTargetDependency section */
		B0996BDF1CB5BC67003A12DF /* PBXTargetDependency */ = {
			isa = PBXTargetDependency;
			target = B09448F41CB4798000A31432 /* Demo */;
			targetProxy = B0996BDE1CB5BC67003A12DF /* PBXContainerItemProxy */;
		};
/* End PBXTargetDependency section */

/* Begin PBXVariantGroup section */
		B09448FC1CB4798000A31432 /* Main.storyboard */ = {
			isa = PBXVariantGroup;
			children = (
				B09448FD1CB4798000A31432 /* Base */,
			);
			name = Main.storyboard;
			sourceTree = "<group>";
		};
		B09449011CB4798000A31432 /* LaunchScreen.storyboard */ = {
			isa = PBXVariantGroup;
			children = (
				B09449021CB4798000A31432 /* Base */,
			);
			name = LaunchScreen.storyboard;
			sourceTree = "<group>";
		};
/* End PBXVariantGroup section */

/* Begin XCBuildConfiguration section */
		B09449051CB4798000A31432 /* Debug */ = {
			isa = XCBuildConfiguration;
			buildSettings = {
				ALWAYS_SEARCH_USER_PATHS = NO;
				CLANG_ANALYZER_NONNULL = YES;
				CLANG_CXX_LANGUAGE_STANDARD = "gnu++0x";
				CLANG_CXX_LIBRARY = "libc++";
				CLANG_ENABLE_MODULES = YES;
				CLANG_ENABLE_OBJC_ARC = YES;
				CLANG_WARN_BLOCK_CAPTURE_AUTORELEASING = YES;
				CLANG_WARN_BOOL_CONVERSION = YES;
				CLANG_WARN_COMMA = YES;
				CLANG_WARN_CONSTANT_CONVERSION = YES;
				CLANG_WARN_DIRECT_OBJC_ISA_USAGE = YES_ERROR;
				CLANG_WARN_EMPTY_BODY = YES;
				CLANG_WARN_ENUM_CONVERSION = YES;
				CLANG_WARN_INFINITE_RECURSION = YES;
				CLANG_WARN_INT_CONVERSION = YES;
				CLANG_WARN_NON_LITERAL_NULL_CONVERSION = YES;
				CLANG_WARN_OBJC_LITERAL_CONVERSION = YES;
				CLANG_WARN_OBJC_ROOT_CLASS = YES_ERROR;
				CLANG_WARN_RANGE_LOOP_ANALYSIS = YES;
				CLANG_WARN_STRICT_PROTOTYPES = YES;
				CLANG_WARN_SUSPICIOUS_MOVE = YES;
				CLANG_WARN_UNREACHABLE_CODE = YES;
				CLANG_WARN__DUPLICATE_METHOD_MATCH = YES;
				"CODE_SIGN_IDENTITY[sdk=iphoneos*]" = "iPhone Developer";
				COPY_PHASE_STRIP = NO;
				DEBUG_INFORMATION_FORMAT = dwarf;
				ENABLE_STRICT_OBJC_MSGSEND = YES;
				ENABLE_TESTABILITY = YES;
				GCC_C_LANGUAGE_STANDARD = gnu99;
				GCC_DYNAMIC_NO_PIC = NO;
				GCC_NO_COMMON_BLOCKS = YES;
				GCC_OPTIMIZATION_LEVEL = 0;
				GCC_PREPROCESSOR_DEFINITIONS = (
					"DEBUG=1",
					"$(inherited)",
				);
				GCC_WARN_64_TO_32_BIT_CONVERSION = YES;
				GCC_WARN_ABOUT_RETURN_TYPE = YES_ERROR;
				GCC_WARN_UNDECLARED_SELECTOR = YES;
				GCC_WARN_UNINITIALIZED_AUTOS = YES_AGGRESSIVE;
				GCC_WARN_UNUSED_FUNCTION = YES;
				GCC_WARN_UNUSED_VARIABLE = YES;
				IPHONEOS_DEPLOYMENT_TARGET = 9.0;
				MTL_ENABLE_DEBUG_INFO = YES;
				ONLY_ACTIVE_ARCH = YES;
				SDKROOT = iphoneos;
				SWIFT_OPTIMIZATION_LEVEL = "-Onone";
				SWIFT_VERSION = 4.0;
				TARGETED_DEVICE_FAMILY = "1,2";
			};
			name = Debug;
		};
		B09449061CB4798000A31432 /* Release */ = {
			isa = XCBuildConfiguration;
			buildSettings = {
				ALWAYS_SEARCH_USER_PATHS = NO;
				CLANG_ANALYZER_NONNULL = YES;
				CLANG_CXX_LANGUAGE_STANDARD = "gnu++0x";
				CLANG_CXX_LIBRARY = "libc++";
				CLANG_ENABLE_MODULES = YES;
				CLANG_ENABLE_OBJC_ARC = YES;
				CLANG_WARN_BLOCK_CAPTURE_AUTORELEASING = YES;
				CLANG_WARN_BOOL_CONVERSION = YES;
				CLANG_WARN_COMMA = YES;
				CLANG_WARN_CONSTANT_CONVERSION = YES;
				CLANG_WARN_DIRECT_OBJC_ISA_USAGE = YES_ERROR;
				CLANG_WARN_EMPTY_BODY = YES;
				CLANG_WARN_ENUM_CONVERSION = YES;
				CLANG_WARN_INFINITE_RECURSION = YES;
				CLANG_WARN_INT_CONVERSION = YES;
				CLANG_WARN_NON_LITERAL_NULL_CONVERSION = YES;
				CLANG_WARN_OBJC_LITERAL_CONVERSION = YES;
				CLANG_WARN_OBJC_ROOT_CLASS = YES_ERROR;
				CLANG_WARN_RANGE_LOOP_ANALYSIS = YES;
				CLANG_WARN_STRICT_PROTOTYPES = YES;
				CLANG_WARN_SUSPICIOUS_MOVE = YES;
				CLANG_WARN_UNREACHABLE_CODE = YES;
				CLANG_WARN__DUPLICATE_METHOD_MATCH = YES;
				"CODE_SIGN_IDENTITY[sdk=iphoneos*]" = "iPhone Developer";
				COPY_PHASE_STRIP = NO;
				DEBUG_INFORMATION_FORMAT = "dwarf-with-dsym";
				ENABLE_NS_ASSERTIONS = NO;
				ENABLE_STRICT_OBJC_MSGSEND = YES;
				GCC_C_LANGUAGE_STANDARD = gnu99;
				GCC_NO_COMMON_BLOCKS = YES;
				GCC_WARN_64_TO_32_BIT_CONVERSION = YES;
				GCC_WARN_ABOUT_RETURN_TYPE = YES_ERROR;
				GCC_WARN_UNDECLARED_SELECTOR = YES;
				GCC_WARN_UNINITIALIZED_AUTOS = YES_AGGRESSIVE;
				GCC_WARN_UNUSED_FUNCTION = YES;
				GCC_WARN_UNUSED_VARIABLE = YES;
				IPHONEOS_DEPLOYMENT_TARGET = 9.0;
				MTL_ENABLE_DEBUG_INFO = NO;
				SDKROOT = iphoneos;
				SWIFT_OPTIMIZATION_LEVEL = "-Owholemodule";
				SWIFT_VERSION = 4.0;
				TARGETED_DEVICE_FAMILY = "1,2";
				VALIDATE_PRODUCT = YES;
			};
			name = Release;
		};
		B09449081CB4798000A31432 /* Debug */ = {
			isa = XCBuildConfiguration;
			baseConfigurationReference = C0F5EF64CAECFAE232909410 /* Pods-Demo.debug.xcconfig */;
			buildSettings = {
				ALWAYS_EMBED_SWIFT_STANDARD_LIBRARIES = YES;
				ASSETCATALOG_COMPILER_APPICON_NAME = AppIcon;
				DEVELOPMENT_TEAM = "";
				INFOPLIST_FILE = Demo/Info.plist;
				LD_RUNPATH_SEARCH_PATHS = "$(inherited) @executable_path/Frameworks";
				PRODUCT_BUNDLE_IDENTIFIER = net.srogers.Demo;
				PRODUCT_NAME = "$(TARGET_NAME)";
				SWIFT_VERSION = 4.0;
			};
			name = Debug;
		};
		B09449091CB4798000A31432 /* Release */ = {
			isa = XCBuildConfiguration;
			baseConfigurationReference = 251CD900A13D7F6C862EC584 /* Pods-Demo.release.xcconfig */;
			buildSettings = {
				ALWAYS_EMBED_SWIFT_STANDARD_LIBRARIES = YES;
				ASSETCATALOG_COMPILER_APPICON_NAME = AppIcon;
				DEVELOPMENT_TEAM = "";
				INFOPLIST_FILE = Demo/Info.plist;
				LD_RUNPATH_SEARCH_PATHS = "$(inherited) @executable_path/Frameworks";
				PRODUCT_BUNDLE_IDENTIFIER = net.srogers.Demo;
				PRODUCT_NAME = "$(TARGET_NAME)";
				SWIFT_VERSION = 4.0;
			};
			name = Release;
		};
		B0996BE01CB5BC67003A12DF /* Debug */ = {
			isa = XCBuildConfiguration;
			baseConfigurationReference = 5420AECCF37EA0B96A63475F /* Pods-Tests.debug.xcconfig */;
			buildSettings = {
				ALWAYS_EMBED_SWIFT_STANDARD_LIBRARIES = YES;
				BUNDLE_LOADER = "$(TEST_HOST)";
				INFOPLIST_FILE = Tests/Info.plist;
				LD_RUNPATH_SEARCH_PATHS = "$(inherited) @executable_path/Frameworks @loader_path/Frameworks";
				PRODUCT_BUNDLE_IDENTIFIER = net.srogers.Tests;
				PRODUCT_NAME = "$(TARGET_NAME)";
				SWIFT_VERSION = 4.0;
				TEST_HOST = "$(BUILT_PRODUCTS_DIR)/Demo.app/Demo";
			};
			name = Debug;
		};
		B0996BE11CB5BC67003A12DF /* Release */ = {
			isa = XCBuildConfiguration;
			baseConfigurationReference = 65408D55B4EFDDB1F7DF97F5 /* Pods-Tests.release.xcconfig */;
			buildSettings = {
				ALWAYS_EMBED_SWIFT_STANDARD_LIBRARIES = YES;
				BUNDLE_LOADER = "$(TEST_HOST)";
				INFOPLIST_FILE = Tests/Info.plist;
				LD_RUNPATH_SEARCH_PATHS = "$(inherited) @executable_path/Frameworks @loader_path/Frameworks";
				PRODUCT_BUNDLE_IDENTIFIER = net.srogers.Tests;
				PRODUCT_NAME = "$(TARGET_NAME)";
				SWIFT_VERSION = 4.0;
				TEST_HOST = "$(BUILT_PRODUCTS_DIR)/Demo.app/Demo";
			};
			name = Release;
		};
/* End XCBuildConfiguration section */

/* Begin XCConfigurationList section */
		B09448F01CB4798000A31432 /* Build configuration list for PBXProject "Demo" */ = {
			isa = XCConfigurationList;
			buildConfigurations = (
				B09449051CB4798000A31432 /* Debug */,
				B09449061CB4798000A31432 /* Release */,
			);
			defaultConfigurationIsVisible = 0;
			defaultConfigurationName = Release;
		};
		B09449071CB4798000A31432 /* Build configuration list for PBXNativeTarget "Demo" */ = {
			isa = XCConfigurationList;
			buildConfigurations = (
				B09449081CB4798000A31432 /* Debug */,
				B09449091CB4798000A31432 /* Release */,
			);
			defaultConfigurationIsVisible = 0;
			defaultConfigurationName = Release;
		};
		B0996BE21CB5BC67003A12DF /* Build configuration list for PBXNativeTarget "Tests" */ = {
			isa = XCConfigurationList;
			buildConfigurations = (
				B0996BE01CB5BC67003A12DF /* Debug */,
				B0996BE11CB5BC67003A12DF /* Release */,
			);
			defaultConfigurationIsVisible = 0;
			defaultConfigurationName = Release;
		};
/* End XCConfigurationList section */
	};
	rootObject = B09448ED1CB4798000A31432 /* Project object */;
}
