// !$*UTF8*$!
{
	archiveVersion = 1;
	classes = {
	};
	objectVersion = 46;
	objects = {

/* Begin PBXBuildFile section */
		46FAB5271CEFEFC00011CDF2 /* Observable+Gloss.swift in Sources */ = {isa = PBXBuildFile; fileRef = B01E394B1CC44A9A009D9FC9 /* Observable+Gloss.swift */; };
		46FAB5281CEFEFC30011CDF2 /* SignalProducer+Gloss.swift in Sources */ = {isa = PBXBuildFile; fileRef = B01E39481CC44A9A009D9FC9 /* SignalProducer+Gloss.swift */; };
		B01744D51FB13D82001F9517 /* PrimitiveSequence+Gloss.swift in Sources */ = {isa = PBXBuildFile; fileRef = B01744D41FB13D82001F9517 /* PrimitiveSequence+Gloss.swift */; };
		B01E393F1CC44A42009D9FC9 /* MoyaGloss.h in Headers */ = {isa = PBXBuildFile; fileRef = B01E393E1CC44A42009D9FC9 /* MoyaGloss.h */; settings = {ATTRIBUTES = (Public, ); }; };
		B01E394D1CC44A9A009D9FC9 /* Response+Gloss.swift in Sources */ = {isa = PBXBuildFile; fileRef = B01E39491CC44A9A009D9FC9 /* Response+Gloss.swift */; };
		B01E39901CC45ABC009D9FC9 /* RxMoyaGloss.h in Headers */ = {isa = PBXBuildFile; fileRef = B01E398F1CC45ABC009D9FC9 /* RxMoyaGloss.h */; settings = {ATTRIBUTES = (Public, ); }; };
		B0273A881EB18AB70015B91D /* Alamofire.framework in Frameworks */ = {isa = PBXBuildFile; fileRef = B01E39751CC451B8009D9FC9 /* Alamofire.framework */; };
		B0273A891EB18AB70015B91D /* Gloss.framework in Frameworks */ = {isa = PBXBuildFile; fileRef = B01E39761CC451B8009D9FC9 /* Gloss.framework */; };
		B0273A8A1EB18AB70015B91D /* Moya.framework in Frameworks */ = {isa = PBXBuildFile; fileRef = B01E39771CC451B8009D9FC9 /* Moya.framework */; };
		B0273A8B1EB18AB70015B91D /* Result.framework in Frameworks */ = {isa = PBXBuildFile; fileRef = B01E397A1CC451B8009D9FC9 /* Result.framework */; };
		B0273A8C1EB18AEF0015B91D /* Alamofire.framework in Frameworks */ = {isa = PBXBuildFile; fileRef = B01E39751CC451B8009D9FC9 /* Alamofire.framework */; };
		B0273A8D1EB18AEF0015B91D /* Gloss.framework in Frameworks */ = {isa = PBXBuildFile; fileRef = B01E39761CC451B8009D9FC9 /* Gloss.framework */; };
		B0273A8E1EB18AEF0015B91D /* Result.framework in Frameworks */ = {isa = PBXBuildFile; fileRef = B01E397A1CC451B8009D9FC9 /* Result.framework */; };
		B0273A8F1EB18AEF0015B91D /* RxCocoa.framework in Frameworks */ = {isa = PBXBuildFile; fileRef = B01E397B1CC451B8009D9FC9 /* RxCocoa.framework */; };
		B0273A901EB18AEF0015B91D /* RxMoya.framework in Frameworks */ = {isa = PBXBuildFile; fileRef = B01E397C1CC451B8009D9FC9 /* RxMoya.framework */; };
		B0273A911EB18AEF0015B91D /* RxSwift.framework in Frameworks */ = {isa = PBXBuildFile; fileRef = B01E397D1CC451B8009D9FC9 /* RxSwift.framework */; };
		B0273A921EB18B090015B91D /* Alamofire.framework in Frameworks */ = {isa = PBXBuildFile; fileRef = B01E39751CC451B8009D9FC9 /* Alamofire.framework */; };
		B0273A931EB18B090015B91D /* Gloss.framework in Frameworks */ = {isa = PBXBuildFile; fileRef = B01E39761CC451B8009D9FC9 /* Gloss.framework */; };
		B0273A941EB18B090015B91D /* ReactiveMoya.framework in Frameworks */ = {isa = PBXBuildFile; fileRef = B01E39791CC451B8009D9FC9 /* ReactiveMoya.framework */; };
		B0273A951EB18B090015B91D /* Result.framework in Frameworks */ = {isa = PBXBuildFile; fileRef = B01E397A1CC451B8009D9FC9 /* Result.framework */; };
		B0273A971EB18B090015B91D /* ReactiveSwift.framework in Frameworks */ = {isa = PBXBuildFile; fileRef = B0273A961EB18B090015B91D /* ReactiveSwift.framework */; };
		B0273A981EB18B1C0015B91D /* Alamofire.framework in Frameworks */ = {isa = PBXBuildFile; fileRef = E90E61571EA15F4C00E2DC19 /* Alamofire.framework */; };
		B0273A991EB18B1C0015B91D /* Gloss.framework in Frameworks */ = {isa = PBXBuildFile; fileRef = E90E61581EA15F4D00E2DC19 /* Gloss.framework */; };
		B0273A9A1EB18B1C0015B91D /* Moya.framework in Frameworks */ = {isa = PBXBuildFile; fileRef = E90E61591EA15F4D00E2DC19 /* Moya.framework */; };
		B0273A9B1EB18B1C0015B91D /* Result.framework in Frameworks */ = {isa = PBXBuildFile; fileRef = E90E615A1EA15F4D00E2DC19 /* Result.framework */; };
		B0273A9C1EB18B330015B91D /* Alamofire.framework in Frameworks */ = {isa = PBXBuildFile; fileRef = E90E61571EA15F4C00E2DC19 /* Alamofire.framework */; };
		B0273A9D1EB18B330015B91D /* Gloss.framework in Frameworks */ = {isa = PBXBuildFile; fileRef = E90E61581EA15F4D00E2DC19 /* Gloss.framework */; };
		B0273A9E1EB18B330015B91D /* Result.framework in Frameworks */ = {isa = PBXBuildFile; fileRef = E90E615A1EA15F4D00E2DC19 /* Result.framework */; };
		B0273A9F1EB18B330015B91D /* RxCocoa.framework in Frameworks */ = {isa = PBXBuildFile; fileRef = E90E61721EA1611000E2DC19 /* RxCocoa.framework */; };
		B0273AA01EB18B330015B91D /* RxMoya.framework in Frameworks */ = {isa = PBXBuildFile; fileRef = E90E61731EA1611000E2DC19 /* RxMoya.framework */; };
		B0273AA11EB18B330015B91D /* RxSwift.framework in Frameworks */ = {isa = PBXBuildFile; fileRef = E90E61741EA1611000E2DC19 /* RxSwift.framework */; };
		B0273AA21EB18B430015B91D /* Alamofire.framework in Frameworks */ = {isa = PBXBuildFile; fileRef = E90E61571EA15F4C00E2DC19 /* Alamofire.framework */; };
		B0273AA31EB18B430015B91D /* Gloss.framework in Frameworks */ = {isa = PBXBuildFile; fileRef = E90E61581EA15F4D00E2DC19 /* Gloss.framework */; };
		B0273AA41EB18B430015B91D /* ReactiveMoya.framework in Frameworks */ = {isa = PBXBuildFile; fileRef = E90E618E1EA1620200E2DC19 /* ReactiveMoya.framework */; };
		B0273AA51EB18B430015B91D /* Result.framework in Frameworks */ = {isa = PBXBuildFile; fileRef = E90E615A1EA15F4D00E2DC19 /* Result.framework */; };
		B0273AA71EB18B440015B91D /* ReactiveSwift.framework in Frameworks */ = {isa = PBXBuildFile; fileRef = B0273AA61EB18B440015B91D /* ReactiveSwift.framework */; };
		B0889DD91CF950E000EB48EA /* Response+Gloss.swift in Sources */ = {isa = PBXBuildFile; fileRef = B01E39491CC44A9A009D9FC9 /* Response+Gloss.swift */; };
		B0889DDA1CF950E100EB48EA /* Response+Gloss.swift in Sources */ = {isa = PBXBuildFile; fileRef = B01E39491CC44A9A009D9FC9 /* Response+Gloss.swift */; };
		B0D2DE6A1CC45B5500577F82 /* ReactiveMoyaGloss.h in Headers */ = {isa = PBXBuildFile; fileRef = B0D2DE691CC45B5500577F82 /* ReactiveMoyaGloss.h */; settings = {ATTRIBUTES = (Public, ); }; };
		E90E615F1EA15F5D00E2DC19 /* Response+Gloss.swift in Sources */ = {isa = PBXBuildFile; fileRef = B01E39491CC44A9A009D9FC9 /* Response+Gloss.swift */; };
		E90E61601EA15FAC00E2DC19 /* MoyaGloss.h in Headers */ = {isa = PBXBuildFile; fileRef = B01E393E1CC44A42009D9FC9 /* MoyaGloss.h */; settings = {ATTRIBUTES = (Public, ); }; };
		E90E61781EA1612E00E2DC19 /* Observable+Gloss.swift in Sources */ = {isa = PBXBuildFile; fileRef = B01E394B1CC44A9A009D9FC9 /* Observable+Gloss.swift */; };
		E90E61791EA1613500E2DC19 /* Response+Gloss.swift in Sources */ = {isa = PBXBuildFile; fileRef = B01E39491CC44A9A009D9FC9 /* Response+Gloss.swift */; };
		E90E617A1EA1614F00E2DC19 /* RxMoyaGloss.h in Headers */ = {isa = PBXBuildFile; fileRef = B01E398F1CC45ABC009D9FC9 /* RxMoyaGloss.h */; settings = {ATTRIBUTES = (Public, ); }; };
		E90E61891EA161C400E2DC19 /* SignalProducer+Gloss.swift in Sources */ = {isa = PBXBuildFile; fileRef = B01E39481CC44A9A009D9FC9 /* SignalProducer+Gloss.swift */; };
		E90E618A1EA161C700E2DC19 /* Response+Gloss.swift in Sources */ = {isa = PBXBuildFile; fileRef = B01E39491CC44A9A009D9FC9 /* Response+Gloss.swift */; };
		E90E61901EA1621C00E2DC19 /* ReactiveMoyaGloss.h in Headers */ = {isa = PBXBuildFile; fileRef = B0D2DE691CC45B5500577F82 /* ReactiveMoyaGloss.h */; settings = {ATTRIBUTES = (Public, ); }; };
/* End PBXBuildFile section */

/* Begin PBXFileReference section */
		B01744D41FB13D82001F9517 /* PrimitiveSequence+Gloss.swift */ = {isa = PBXFileReference; lastKnownFileType = sourcecode.swift; path = "PrimitiveSequence+Gloss.swift"; sourceTree = "<group>"; };
		B01E393B1CC44A42009D9FC9 /* MoyaGloss.framework */ = {isa = PBXFileReference; explicitFileType = wrapper.framework; includeInIndex = 0; path = MoyaGloss.framework; sourceTree = BUILT_PRODUCTS_DIR; };
		B01E393E1CC44A42009D9FC9 /* MoyaGloss.h */ = {isa = PBXFileReference; lastKnownFileType = sourcecode.c.h; path = MoyaGloss.h; sourceTree = "<group>"; };
		B01E39401CC44A42009D9FC9 /* Info.plist */ = {isa = PBXFileReference; lastKnownFileType = text.plist.xml; path = Info.plist; sourceTree = "<group>"; };
		B01E39481CC44A9A009D9FC9 /* SignalProducer+Gloss.swift */ = {isa = PBXFileReference; fileEncoding = 4; lastKnownFileType = sourcecode.swift; path = "SignalProducer+Gloss.swift"; sourceTree = "<group>"; };
		B01E39491CC44A9A009D9FC9 /* Response+Gloss.swift */ = {isa = PBXFileReference; fileEncoding = 4; indentWidth = 2; lastKnownFileType = sourcecode.swift; path = "Response+Gloss.swift"; sourceTree = "<group>"; tabWidth = 2; };
		B01E394B1CC44A9A009D9FC9 /* Observable+Gloss.swift */ = {isa = PBXFileReference; fileEncoding = 4; indentWidth = 2; lastKnownFileType = sourcecode.swift; path = "Observable+Gloss.swift"; sourceTree = "<group>"; tabWidth = 2; };
		B01E39751CC451B8009D9FC9 /* Alamofire.framework */ = {isa = PBXFileReference; lastKnownFileType = wrapper.framework; name = Alamofire.framework; path = Carthage/Build/iOS/Alamofire.framework; sourceTree = "<group>"; };
		B01E39761CC451B8009D9FC9 /* Gloss.framework */ = {isa = PBXFileReference; lastKnownFileType = wrapper.framework; name = Gloss.framework; path = Carthage/Build/iOS/Gloss.framework; sourceTree = "<group>"; };
		B01E39771CC451B8009D9FC9 /* Moya.framework */ = {isa = PBXFileReference; lastKnownFileType = wrapper.framework; name = Moya.framework; path = Carthage/Build/iOS/Moya.framework; sourceTree = "<group>"; };
		B01E39781CC451B8009D9FC9 /* ReactiveCocoa.framework */ = {isa = PBXFileReference; lastKnownFileType = wrapper.framework; name = ReactiveCocoa.framework; path = Carthage/Build/iOS/ReactiveCocoa.framework; sourceTree = "<group>"; };
		B01E39791CC451B8009D9FC9 /* ReactiveMoya.framework */ = {isa = PBXFileReference; lastKnownFileType = wrapper.framework; name = ReactiveMoya.framework; path = Carthage/Build/iOS/ReactiveMoya.framework; sourceTree = "<group>"; };
		B01E397A1CC451B8009D9FC9 /* Result.framework */ = {isa = PBXFileReference; lastKnownFileType = wrapper.framework; name = Result.framework; path = Carthage/Build/iOS/Result.framework; sourceTree = "<group>"; };
		B01E397B1CC451B8009D9FC9 /* RxCocoa.framework */ = {isa = PBXFileReference; lastKnownFileType = wrapper.framework; name = RxCocoa.framework; path = Carthage/Build/iOS/RxCocoa.framework; sourceTree = "<group>"; };
		B01E397C1CC451B8009D9FC9 /* RxMoya.framework */ = {isa = PBXFileReference; lastKnownFileType = wrapper.framework; name = RxMoya.framework; path = Carthage/Build/iOS/RxMoya.framework; sourceTree = "<group>"; };
		B01E397D1CC451B8009D9FC9 /* RxSwift.framework */ = {isa = PBXFileReference; lastKnownFileType = wrapper.framework; name = RxSwift.framework; path = Carthage/Build/iOS/RxSwift.framework; sourceTree = "<group>"; };
		B01E398D1CC45ABC009D9FC9 /* RxMoyaGloss.framework */ = {isa = PBXFileReference; explicitFileType = wrapper.framework; includeInIndex = 0; path = RxMoyaGloss.framework; sourceTree = BUILT_PRODUCTS_DIR; };
		B01E398F1CC45ABC009D9FC9 /* RxMoyaGloss.h */ = {isa = PBXFileReference; lastKnownFileType = sourcecode.c.h; path = RxMoyaGloss.h; sourceTree = "<group>"; };
		B0273A961EB18B090015B91D /* ReactiveSwift.framework */ = {isa = PBXFileReference; lastKnownFileType = wrapper.framework; name = ReactiveSwift.framework; path = Carthage/Build/iOS/ReactiveSwift.framework; sourceTree = "<group>"; };
		B0273AA61EB18B440015B91D /* ReactiveSwift.framework */ = {isa = PBXFileReference; lastKnownFileType = wrapper.framework; name = ReactiveSwift.framework; path = Carthage/Build/Mac/ReactiveSwift.framework; sourceTree = "<group>"; };
		B0D2DE671CC45B5500577F82 /* ReactiveMoyaGloss.framework */ = {isa = PBXFileReference; explicitFileType = wrapper.framework; includeInIndex = 0; path = ReactiveMoyaGloss.framework; sourceTree = BUILT_PRODUCTS_DIR; };
		B0D2DE691CC45B5500577F82 /* ReactiveMoyaGloss.h */ = {isa = PBXFileReference; lastKnownFileType = sourcecode.c.h; path = ReactiveMoyaGloss.h; sourceTree = "<group>"; };
		E90E614E1EA157A700E2DC19 /* MoyaGloss.framework */ = {isa = PBXFileReference; explicitFileType = wrapper.framework; includeInIndex = 0; path = MoyaGloss.framework; sourceTree = BUILT_PRODUCTS_DIR; };
		E90E61571EA15F4C00E2DC19 /* Alamofire.framework */ = {isa = PBXFileReference; lastKnownFileType = wrapper.framework; name = Alamofire.framework; path = Carthage/Build/Mac/Alamofire.framework; sourceTree = "<group>"; };
		E90E61581EA15F4D00E2DC19 /* Gloss.framework */ = {isa = PBXFileReference; lastKnownFileType = wrapper.framework; name = Gloss.framework; path = Carthage/Build/Mac/Gloss.framework; sourceTree = "<group>"; };
		E90E61591EA15F4D00E2DC19 /* Moya.framework */ = {isa = PBXFileReference; lastKnownFileType = wrapper.framework; name = Moya.framework; path = Carthage/Build/Mac/Moya.framework; sourceTree = "<group>"; };
		E90E615A1EA15F4D00E2DC19 /* Result.framework */ = {isa = PBXFileReference; lastKnownFileType = wrapper.framework; name = Result.framework; path = Carthage/Build/Mac/Result.framework; sourceTree = "<group>"; };
		E90E61671EA1607B00E2DC19 /* RxMoyaGloss.framework */ = {isa = PBXFileReference; explicitFileType = wrapper.framework; includeInIndex = 0; path = RxMoyaGloss.framework; sourceTree = BUILT_PRODUCTS_DIR; };
		E90E616A1EA1607B00E2DC19 /* Info.plist */ = {isa = PBXFileReference; lastKnownFileType = text.plist.xml; path = Info.plist; sourceTree = "<group>"; };
		E90E61721EA1611000E2DC19 /* RxCocoa.framework */ = {isa = PBXFileReference; lastKnownFileType = wrapper.framework; name = RxCocoa.framework; path = Carthage/Build/Mac/RxCocoa.framework; sourceTree = "<group>"; };
		E90E61731EA1611000E2DC19 /* RxMoya.framework */ = {isa = PBXFileReference; lastKnownFileType = wrapper.framework; name = RxMoya.framework; path = Carthage/Build/Mac/RxMoya.framework; sourceTree = "<group>"; };
		E90E61741EA1611000E2DC19 /* RxSwift.framework */ = {isa = PBXFileReference; lastKnownFileType = wrapper.framework; name = RxSwift.framework; path = Carthage/Build/Mac/RxSwift.framework; sourceTree = "<group>"; };
		E90E61811EA1617F00E2DC19 /* ReactiveMoyaGloss.framework */ = {isa = PBXFileReference; explicitFileType = wrapper.framework; includeInIndex = 0; path = ReactiveMoyaGloss.framework; sourceTree = BUILT_PRODUCTS_DIR; };
		E90E61841EA1617F00E2DC19 /* Info.plist */ = {isa = PBXFileReference; lastKnownFileType = text.plist.xml; path = Info.plist; sourceTree = "<group>"; };
		E90E618E1EA1620200E2DC19 /* ReactiveMoya.framework */ = {isa = PBXFileReference; lastKnownFileType = wrapper.framework; name = ReactiveMoya.framework; path = Carthage/Build/Mac/ReactiveMoya.framework; sourceTree = "<group>"; };
/* End PBXFileReference section */

/* Begin PBXFrameworksBuildPhase section */
		B01E39371CC44A42009D9FC9 /* Frameworks */ = {
			isa = PBXFrameworksBuildPhase;
			buildActionMask = 2147483647;
			files = (
				B0273A881EB18AB70015B91D /* Alamofire.framework in Frameworks */,
				B0273A891EB18AB70015B91D /* Gloss.framework in Frameworks */,
				B0273A8A1EB18AB70015B91D /* Moya.framework in Frameworks */,
				B0273A8B1EB18AB70015B91D /* Result.framework in Frameworks */,
			);
			runOnlyForDeploymentPostprocessing = 0;
		};
		B01E39891CC45ABC009D9FC9 /* Frameworks */ = {
			isa = PBXFrameworksBuildPhase;
			buildActionMask = 2147483647;
			files = (
				B0273A8C1EB18AEF0015B91D /* Alamofire.framework in Frameworks */,
				B0273A8D1EB18AEF0015B91D /* Gloss.framework in Frameworks */,
				B0273A8E1EB18AEF0015B91D /* Result.framework in Frameworks */,
				B0273A8F1EB18AEF0015B91D /* RxCocoa.framework in Frameworks */,
				B0273A901EB18AEF0015B91D /* RxMoya.framework in Frameworks */,
				B0273A911EB18AEF0015B91D /* RxSwift.framework in Frameworks */,
			);
			runOnlyForDeploymentPostprocessing = 0;
		};
		B0D2DE631CC45B5500577F82 /* Frameworks */ = {
			isa = PBXFrameworksBuildPhase;
			buildActionMask = 2147483647;
			files = (
				B0273A971EB18B090015B91D /* ReactiveSwift.framework in Frameworks */,
				B0273A921EB18B090015B91D /* Alamofire.framework in Frameworks */,
				B0273A931EB18B090015B91D /* Gloss.framework in Frameworks */,
				B0273A941EB18B090015B91D /* ReactiveMoya.framework in Frameworks */,
				B0273A951EB18B090015B91D /* Result.framework in Frameworks */,
			);
			runOnlyForDeploymentPostprocessing = 0;
		};
		E90E614A1EA157A700E2DC19 /* Frameworks */ = {
			isa = PBXFrameworksBuildPhase;
			buildActionMask = 2147483647;
			files = (
				B0273A981EB18B1C0015B91D /* Alamofire.framework in Frameworks */,
				B0273A991EB18B1C0015B91D /* Gloss.framework in Frameworks */,
				B0273A9A1EB18B1C0015B91D /* Moya.framework in Frameworks */,
				B0273A9B1EB18B1C0015B91D /* Result.framework in Frameworks */,
			);
			runOnlyForDeploymentPostprocessing = 0;
		};
		E90E61631EA1607B00E2DC19 /* Frameworks */ = {
			isa = PBXFrameworksBuildPhase;
			buildActionMask = 2147483647;
			files = (
				B0273A9C1EB18B330015B91D /* Alamofire.framework in Frameworks */,
				B0273A9D1EB18B330015B91D /* Gloss.framework in Frameworks */,
				B0273A9E1EB18B330015B91D /* Result.framework in Frameworks */,
				B0273A9F1EB18B330015B91D /* RxCocoa.framework in Frameworks */,
				B0273AA01EB18B330015B91D /* RxMoya.framework in Frameworks */,
				B0273AA11EB18B330015B91D /* RxSwift.framework in Frameworks */,
			);
			runOnlyForDeploymentPostprocessing = 0;
		};
		E90E617D1EA1617F00E2DC19 /* Frameworks */ = {
			isa = PBXFrameworksBuildPhase;
			buildActionMask = 2147483647;
			files = (
				B0273AA71EB18B440015B91D /* ReactiveSwift.framework in Frameworks */,
				B0273AA21EB18B430015B91D /* Alamofire.framework in Frameworks */,
				B0273AA31EB18B430015B91D /* Gloss.framework in Frameworks */,
				B0273AA41EB18B430015B91D /* ReactiveMoya.framework in Frameworks */,
				B0273AA51EB18B430015B91D /* Result.framework in Frameworks */,
			);
			runOnlyForDeploymentPostprocessing = 0;
		};
/* End PBXFrameworksBuildPhase section */

/* Begin PBXGroup section */
		B01E39311CC44A42009D9FC9 = {
			isa = PBXGroup;
			children = (
				B01E39461CC44A9A009D9FC9 /* Source */,
				B01E393D1CC44A42009D9FC9 /* Supporting Files */,
				E90E61681EA1607B00E2DC19 /* RxMoyaGloss-macOS */,
				E90E61821EA1617F00E2DC19 /* ReactiveMoyaGloss-macOS */,
				B01E393C1CC44A42009D9FC9 /* Products */,
				B01E39871CC45223009D9FC9 /* Dependencies */,
				E90E61561EA15F4C00E2DC19 /* Frameworks */,
			);
			indentWidth = 2;
			sourceTree = "<group>";
			tabWidth = 2;
		};
		B01E393C1CC44A42009D9FC9 /* Products */ = {
			isa = PBXGroup;
			children = (
				B01E393B1CC44A42009D9FC9 /* MoyaGloss.framework */,
				B01E398D1CC45ABC009D9FC9 /* RxMoyaGloss.framework */,
				B0D2DE671CC45B5500577F82 /* ReactiveMoyaGloss.framework */,
				E90E614E1EA157A700E2DC19 /* MoyaGloss.framework */,
				E90E61671EA1607B00E2DC19 /* RxMoyaGloss.framework */,
				E90E61811EA1617F00E2DC19 /* ReactiveMoyaGloss.framework */,
			);
			name = Products;
			sourceTree = "<group>";
		};
		B01E393D1CC44A42009D9FC9 /* Supporting Files */ = {
			isa = PBXGroup;
			children = (
				B01E393E1CC44A42009D9FC9 /* MoyaGloss.h */,
				B01E398F1CC45ABC009D9FC9 /* RxMoyaGloss.h */,
				B0D2DE691CC45B5500577F82 /* ReactiveMoyaGloss.h */,
				B01E39401CC44A42009D9FC9 /* Info.plist */,
			);
			path = "Supporting Files";
			sourceTree = "<group>";
		};
		B01E39461CC44A9A009D9FC9 /* Source */ = {
			isa = PBXGroup;
			children = (
				B01E39491CC44A9A009D9FC9 /* Response+Gloss.swift */,
				B01E394A1CC44A9A009D9FC9 /* RxSwift */,
				B01E39471CC44A9A009D9FC9 /* ReactiveSwift */,
			);
			path = Source;
			sourceTree = "<group>";
		};
		B01E39471CC44A9A009D9FC9 /* ReactiveSwift */ = {
			isa = PBXGroup;
			children = (
				B01E39481CC44A9A009D9FC9 /* SignalProducer+Gloss.swift */,
			);
			path = ReactiveSwift;
			sourceTree = "<group>";
		};
		B01E394A1CC44A9A009D9FC9 /* RxSwift */ = {
			isa = PBXGroup;
			children = (
				B01E394B1CC44A9A009D9FC9 /* Observable+Gloss.swift */,
				B01744D41FB13D82001F9517 /* PrimitiveSequence+Gloss.swift */,
			);
			path = RxSwift;
			sourceTree = "<group>";
		};
		B01E39871CC45223009D9FC9 /* Dependencies */ = {
			isa = PBXGroup;
			children = (
				B01E39751CC451B8009D9FC9 /* Alamofire.framework */,
				B01E39761CC451B8009D9FC9 /* Gloss.framework */,
				B01E39771CC451B8009D9FC9 /* Moya.framework */,
				B01E39781CC451B8009D9FC9 /* ReactiveCocoa.framework */,
				B01E39791CC451B8009D9FC9 /* ReactiveMoya.framework */,
				B01E397A1CC451B8009D9FC9 /* Result.framework */,
				B01E397B1CC451B8009D9FC9 /* RxCocoa.framework */,
				B01E397C1CC451B8009D9FC9 /* RxMoya.framework */,
				B01E397D1CC451B8009D9FC9 /* RxSwift.framework */,
			);
			name = Dependencies;
			sourceTree = "<group>";
		};
		E90E61561EA15F4C00E2DC19 /* Frameworks */ = {
			isa = PBXGroup;
			children = (
				B0273AA61EB18B440015B91D /* ReactiveSwift.framework */,
				B0273A961EB18B090015B91D /* ReactiveSwift.framework */,
				E90E618E1EA1620200E2DC19 /* ReactiveMoya.framework */,
				E90E61721EA1611000E2DC19 /* RxCocoa.framework */,
				E90E61731EA1611000E2DC19 /* RxMoya.framework */,
				E90E61741EA1611000E2DC19 /* RxSwift.framework */,
				E90E61571EA15F4C00E2DC19 /* Alamofire.framework */,
				E90E61581EA15F4D00E2DC19 /* Gloss.framework */,
				E90E61591EA15F4D00E2DC19 /* Moya.framework */,
				E90E615A1EA15F4D00E2DC19 /* Result.framework */,
			);
			name = Frameworks;
			sourceTree = "<group>";
		};
		E90E61681EA1607B00E2DC19 /* RxMoyaGloss-macOS */ = {
			isa = PBXGroup;
			children = (
				E90E616A1EA1607B00E2DC19 /* Info.plist */,
			);
			path = "RxMoyaGloss-macOS";
			sourceTree = "<group>";
		};
		E90E61821EA1617F00E2DC19 /* ReactiveMoyaGloss-macOS */ = {
			isa = PBXGroup;
			children = (
				E90E61841EA1617F00E2DC19 /* Info.plist */,
			);
			path = "ReactiveMoyaGloss-macOS";
			sourceTree = "<group>";
		};
/* End PBXGroup section */

/* Begin PBXHeadersBuildPhase section */
		B01E39381CC44A42009D9FC9 /* Headers */ = {
			isa = PBXHeadersBuildPhase;
			buildActionMask = 2147483647;
			files = (
				B01E393F1CC44A42009D9FC9 /* MoyaGloss.h in Headers */,
			);
			runOnlyForDeploymentPostprocessing = 0;
		};
		B01E398A1CC45ABC009D9FC9 /* Headers */ = {
			isa = PBXHeadersBuildPhase;
			buildActionMask = 2147483647;
			files = (
				B01E39901CC45ABC009D9FC9 /* RxMoyaGloss.h in Headers */,
			);
			runOnlyForDeploymentPostprocessing = 0;
		};
		B0D2DE641CC45B5500577F82 /* Headers */ = {
			isa = PBXHeadersBuildPhase;
			buildActionMask = 2147483647;
			files = (
				B0D2DE6A1CC45B5500577F82 /* ReactiveMoyaGloss.h in Headers */,
			);
			runOnlyForDeploymentPostprocessing = 0;
		};
		E90E614B1EA157A700E2DC19 /* Headers */ = {
			isa = PBXHeadersBuildPhase;
			buildActionMask = 2147483647;
			files = (
				E90E61601EA15FAC00E2DC19 /* MoyaGloss.h in Headers */,
			);
			runOnlyForDeploymentPostprocessing = 0;
		};
		E90E61641EA1607B00E2DC19 /* Headers */ = {
			isa = PBXHeadersBuildPhase;
			buildActionMask = 2147483647;
			files = (
				E90E617A1EA1614F00E2DC19 /* RxMoyaGloss.h in Headers */,
			);
			runOnlyForDeploymentPostprocessing = 0;
		};
		E90E617E1EA1617F00E2DC19 /* Headers */ = {
			isa = PBXHeadersBuildPhase;
			buildActionMask = 2147483647;
			files = (
				E90E61901EA1621C00E2DC19 /* ReactiveMoyaGloss.h in Headers */,
			);
			runOnlyForDeploymentPostprocessing = 0;
		};
/* End PBXHeadersBuildPhase section */

/* Begin PBXNativeTarget section */
		B01E393A1CC44A42009D9FC9 /* MoyaGloss */ = {
			isa = PBXNativeTarget;
			buildConfigurationList = B01E39431CC44A42009D9FC9 /* Build configuration list for PBXNativeTarget "MoyaGloss" */;
			buildPhases = (
				B01E39361CC44A42009D9FC9 /* Sources */,
				B01E39371CC44A42009D9FC9 /* Frameworks */,
				B01E39381CC44A42009D9FC9 /* Headers */,
				B01E39391CC44A42009D9FC9 /* Resources */,
				B01E39611CC45097009D9FC9 /* ShellScript */,
			);
			buildRules = (
			);
			dependencies = (
			);
			name = MoyaGloss;
			productName = MoyaGloss;
			productReference = B01E393B1CC44A42009D9FC9 /* MoyaGloss.framework */;
			productType = "com.apple.product-type.framework";
		};
		B01E398C1CC45ABC009D9FC9 /* RxMoyaGloss */ = {
			isa = PBXNativeTarget;
			buildConfigurationList = B01E39941CC45ABC009D9FC9 /* Build configuration list for PBXNativeTarget "RxMoyaGloss" */;
			buildPhases = (
				B01E39881CC45ABC009D9FC9 /* Sources */,
				B01E39891CC45ABC009D9FC9 /* Frameworks */,
				B01E398A1CC45ABC009D9FC9 /* Headers */,
				B01E398B1CC45ABC009D9FC9 /* Resources */,
				B091817D1D35D51700B50DF2 /* ShellScript */,
			);
			buildRules = (
			);
			dependencies = (
			);
			name = RxMoyaGloss;
			productName = RxMoyaGloss;
			productReference = B01E398D1CC45ABC009D9FC9 /* RxMoyaGloss.framework */;
			productType = "com.apple.product-type.framework";
		};
		B0D2DE661CC45B5500577F82 /* ReactiveMoyaGloss */ = {
			isa = PBXNativeTarget;
			buildConfigurationList = B0D2DE6E1CC45B5500577F82 /* Build configuration list for PBXNativeTarget "ReactiveMoyaGloss" */;
			buildPhases = (
				B0D2DE621CC45B5500577F82 /* Sources */,
				B0D2DE631CC45B5500577F82 /* Frameworks */,
				B0D2DE641CC45B5500577F82 /* Headers */,
				B0D2DE651CC45B5500577F82 /* Resources */,
				B091817E1D35D52000B50DF2 /* ShellScript */,
			);
			buildRules = (
			);
			dependencies = (
			);
			name = ReactiveMoyaGloss;
			productName = ReactiveMoyaGloss;
			productReference = B0D2DE671CC45B5500577F82 /* ReactiveMoyaGloss.framework */;
			productType = "com.apple.product-type.framework";
		};
		E90E614D1EA157A700E2DC19 /* MoyaGloss-macOS */ = {
			isa = PBXNativeTarget;
			buildConfigurationList = E90E61551EA157A700E2DC19 /* Build configuration list for PBXNativeTarget "MoyaGloss-macOS" */;
			buildPhases = (
				E90E61491EA157A700E2DC19 /* Sources */,
				E90E614A1EA157A700E2DC19 /* Frameworks */,
				E90E614B1EA157A700E2DC19 /* Headers */,
				E90E614C1EA157A700E2DC19 /* Resources */,
				E90E61611EA15FBE00E2DC19 /* ShellScript */,
			);
			buildRules = (
			);
			dependencies = (
			);
			name = "MoyaGloss-macOS";
			productName = "MoyaGloss-macOS";
			productReference = E90E614E1EA157A700E2DC19 /* MoyaGloss.framework */;
			productType = "com.apple.product-type.framework";
		};
		E90E61661EA1607B00E2DC19 /* RxMoyaGloss-macOS */ = {
			isa = PBXNativeTarget;
			buildConfigurationList = E90E616C1EA1607B00E2DC19 /* Build configuration list for PBXNativeTarget "RxMoyaGloss-macOS" */;
			buildPhases = (
				E90E61621EA1607B00E2DC19 /* Sources */,
				E90E61631EA1607B00E2DC19 /* Frameworks */,
				E90E61641EA1607B00E2DC19 /* Headers */,
				E90E61651EA1607B00E2DC19 /* Resources */,
				E90E617B1EA1615F00E2DC19 /* ShellScript */,
			);
			buildRules = (
			);
			dependencies = (
			);
			name = "RxMoyaGloss-macOS";
			productName = "RxMoyaGloss-macOS";
			productReference = E90E61671EA1607B00E2DC19 /* RxMoyaGloss.framework */;
			productType = "com.apple.product-type.framework";
		};
		E90E61801EA1617F00E2DC19 /* ReactiveMoyaGloss-macOS */ = {
			isa = PBXNativeTarget;
			buildConfigurationList = E90E61861EA1617F00E2DC19 /* Build configuration list for PBXNativeTarget "ReactiveMoyaGloss-macOS" */;
			buildPhases = (
				E90E617C1EA1617F00E2DC19 /* Sources */,
				E90E617D1EA1617F00E2DC19 /* Frameworks */,
				E90E617E1EA1617F00E2DC19 /* Headers */,
				E90E617F1EA1617F00E2DC19 /* Resources */,
				E90E61911EA1623800E2DC19 /* ShellScript */,
			);
			buildRules = (
			);
			dependencies = (
			);
			name = "ReactiveMoyaGloss-macOS";
			productName = "ReactiveMoyaGloss-macOS";
			productReference = E90E61811EA1617F00E2DC19 /* ReactiveMoyaGloss.framework */;
			productType = "com.apple.product-type.framework";
		};
/* End PBXNativeTarget section */

/* Begin PBXProject section */
		B01E39321CC44A42009D9FC9 /* Project object */ = {
			isa = PBXProject;
			attributes = {
				LastUpgradeCheck = 0910;
				TargetAttributes = {
					B01E393A1CC44A42009D9FC9 = {
						CreatedOnToolsVersion = 7.3;
						LastSwiftMigration = 0910;
					};
					B01E398C1CC45ABC009D9FC9 = {
						CreatedOnToolsVersion = 7.3;
					};
					B0D2DE661CC45B5500577F82 = {
						CreatedOnToolsVersion = 7.3;
					};
					E90E614D1EA157A700E2DC19 = {
						CreatedOnToolsVersion = 8.3.1;
						ProvisioningStyle = Automatic;
					};
					E90E61661EA1607B00E2DC19 = {
						CreatedOnToolsVersion = 8.3.1;
						ProvisioningStyle = Automatic;
					};
					E90E61801EA1617F00E2DC19 = {
						CreatedOnToolsVersion = 8.3.1;
						ProvisioningStyle = Automatic;
					};
				};
			};
			buildConfigurationList = B01E39351CC44A42009D9FC9 /* Build configuration list for PBXProject "MoyaGloss" */;
			compatibilityVersion = "Xcode 3.2";
			developmentRegion = English;
			hasScannedForEncodings = 0;
			knownRegions = (
				en,
			);
			mainGroup = B01E39311CC44A42009D9FC9;
			productRefGroup = B01E393C1CC44A42009D9FC9 /* Products */;
			projectDirPath = "";
			projectRoot = "";
			targets = (
				B01E393A1CC44A42009D9FC9 /* MoyaGloss */,
				B01E398C1CC45ABC009D9FC9 /* RxMoyaGloss */,
				B0D2DE661CC45B5500577F82 /* ReactiveMoyaGloss */,
				E90E614D1EA157A700E2DC19 /* MoyaGloss-macOS */,
				E90E61661EA1607B00E2DC19 /* RxMoyaGloss-macOS */,
				E90E61801EA1617F00E2DC19 /* ReactiveMoyaGloss-macOS */,
			);
		};
/* End PBXProject section */

/* Begin PBXResourcesBuildPhase section */
		B01E39391CC44A42009D9FC9 /* Resources */ = {
			isa = PBXResourcesBuildPhase;
			buildActionMask = 2147483647;
			files = (
			);
			runOnlyForDeploymentPostprocessing = 0;
		};
		B01E398B1CC45ABC009D9FC9 /* Resources */ = {
			isa = PBXResourcesBuildPhase;
			buildActionMask = 2147483647;
			files = (
			);
			runOnlyForDeploymentPostprocessing = 0;
		};
		B0D2DE651CC45B5500577F82 /* Resources */ = {
			isa = PBXResourcesBuildPhase;
			buildActionMask = 2147483647;
			files = (
			);
			runOnlyForDeploymentPostprocessing = 0;
		};
		E90E614C1EA157A700E2DC19 /* Resources */ = {
			isa = PBXResourcesBuildPhase;
			buildActionMask = 2147483647;
			files = (
			);
			runOnlyForDeploymentPostprocessing = 0;
		};
		E90E61651EA1607B00E2DC19 /* Resources */ = {
			isa = PBXResourcesBuildPhase;
			buildActionMask = 2147483647;
			files = (
			);
			runOnlyForDeploymentPostprocessing = 0;
		};
		E90E617F1EA1617F00E2DC19 /* Resources */ = {
			isa = PBXResourcesBuildPhase;
			buildActionMask = 2147483647;
			files = (
			);
			runOnlyForDeploymentPostprocessing = 0;
		};
/* End PBXResourcesBuildPhase section */

/* Begin PBXShellScriptBuildPhase section */
		B01E39611CC45097009D9FC9 /* ShellScript */ = {
			isa = PBXShellScriptBuildPhase;
			buildActionMask = 2147483647;
			files = (
			);
			inputPaths = (
			);
			outputPaths = (
			);
			runOnlyForDeploymentPostprocessing = 0;
			shellPath = /bin/sh;
			shellScript = "/usr/local/bin/carthage copy-frameworks";
		};
		B091817D1D35D51700B50DF2 /* ShellScript */ = {
			isa = PBXShellScriptBuildPhase;
			buildActionMask = 2147483647;
			files = (
			);
			inputPaths = (
			);
			outputPaths = (
			);
			runOnlyForDeploymentPostprocessing = 0;
			shellPath = /bin/sh;
			shellScript = "/usr/local/bin/carthage copy-frameworks";
		};
		B091817E1D35D52000B50DF2 /* ShellScript */ = {
			isa = PBXShellScriptBuildPhase;
			buildActionMask = 2147483647;
			files = (
			);
			inputPaths = (
			);
			outputPaths = (
			);
			runOnlyForDeploymentPostprocessing = 0;
			shellPath = /bin/sh;
			shellScript = "/usr/local/bin/carthage copy-frameworks";
		};
		E90E61611EA15FBE00E2DC19 /* ShellScript */ = {
			isa = PBXShellScriptBuildPhase;
			buildActionMask = 2147483647;
			files = (
			);
			inputPaths = (
			);
			outputPaths = (
			);
			runOnlyForDeploymentPostprocessing = 0;
			shellPath = /bin/sh;
			shellScript = "/usr/local/bin/carthage copy-frameworks";
		};
		E90E617B1EA1615F00E2DC19 /* ShellScript */ = {
			isa = PBXShellScriptBuildPhase;
			buildActionMask = 2147483647;
			files = (
			);
			inputPaths = (
			);
			outputPaths = (
			);
			runOnlyForDeploymentPostprocessing = 0;
			shellPath = /bin/sh;
			shellScript = "/usr/local/bin/carthage copy-frameworks\n";
		};
		E90E61911EA1623800E2DC19 /* ShellScript */ = {
			isa = PBXShellScriptBuildPhase;
			buildActionMask = 2147483647;
			files = (
			);
			inputPaths = (
			);
			outputPaths = (
			);
			runOnlyForDeploymentPostprocessing = 0;
			shellPath = /bin/sh;
			shellScript = "/usr/local/bin/carthage copy-frameworks\n";
		};
/* End PBXShellScriptBuildPhase section */

/* Begin PBXSourcesBuildPhase section */
		B01E39361CC44A42009D9FC9 /* Sources */ = {
			isa = PBXSourcesBuildPhase;
			buildActionMask = 2147483647;
			files = (
				B01E394D1CC44A9A009D9FC9 /* Response+Gloss.swift in Sources */,
				B01744D51FB13D82001F9517 /* PrimitiveSequence+Gloss.swift in Sources */,
			);
			runOnlyForDeploymentPostprocessing = 0;
		};
		B01E39881CC45ABC009D9FC9 /* Sources */ = {
			isa = PBXSourcesBuildPhase;
			buildActionMask = 2147483647;
			files = (
				46FAB5271CEFEFC00011CDF2 /* Observable+Gloss.swift in Sources */,
				B0889DD91CF950E000EB48EA /* Response+Gloss.swift in Sources */,
			);
			runOnlyForDeploymentPostprocessing = 0;
		};
		B0D2DE621CC45B5500577F82 /* Sources */ = {
			isa = PBXSourcesBuildPhase;
			buildActionMask = 2147483647;
			files = (
				46FAB5281CEFEFC30011CDF2 /* SignalProducer+Gloss.swift in Sources */,
				B0889DDA1CF950E100EB48EA /* Response+Gloss.swift in Sources */,
			);
			runOnlyForDeploymentPostprocessing = 0;
		};
		E90E61491EA157A700E2DC19 /* Sources */ = {
			isa = PBXSourcesBuildPhase;
			buildActionMask = 2147483647;
			files = (
				E90E615F1EA15F5D00E2DC19 /* Response+Gloss.swift in Sources */,
			);
			runOnlyForDeploymentPostprocessing = 0;
		};
		E90E61621EA1607B00E2DC19 /* Sources */ = {
			isa = PBXSourcesBuildPhase;
			buildActionMask = 2147483647;
			files = (
				E90E61781EA1612E00E2DC19 /* Observable+Gloss.swift in Sources */,
				E90E61791EA1613500E2DC19 /* Response+Gloss.swift in Sources */,
			);
			runOnlyForDeploymentPostprocessing = 0;
		};
		E90E617C1EA1617F00E2DC19 /* Sources */ = {
			isa = PBXSourcesBuildPhase;
			buildActionMask = 2147483647;
			files = (
				E90E61891EA161C400E2DC19 /* SignalProducer+Gloss.swift in Sources */,
				E90E618A1EA161C700E2DC19 /* Response+Gloss.swift in Sources */,
			);
			runOnlyForDeploymentPostprocessing = 0;
		};
/* End PBXSourcesBuildPhase section */

/* Begin XCBuildConfiguration section */
		B01E39411CC44A42009D9FC9 /* Debug */ = {
			isa = XCBuildConfiguration;
			buildSettings = {
				ALWAYS_SEARCH_USER_PATHS = NO;
				CLANG_ANALYZER_NONNULL = YES;
				CLANG_CXX_LANGUAGE_STANDARD = "gnu++0x";
				CLANG_CXX_LIBRARY = "libc++";
				CLANG_ENABLE_MODULES = YES;
				CLANG_ENABLE_OBJC_ARC = YES;
				CLANG_WARN_BLOCK_CAPTURE_AUTORELEASING = YES;
				CLANG_WARN_BOOL_CONVERSION = YES;
				CLANG_WARN_COMMA = YES;
				CLANG_WARN_CONSTANT_CONVERSION = YES;
				CLANG_WARN_DIRECT_OBJC_ISA_USAGE = YES_ERROR;
				CLANG_WARN_EMPTY_BODY = YES;
				CLANG_WARN_ENUM_CONVERSION = YES;
				CLANG_WARN_INFINITE_RECURSION = YES;
				CLANG_WARN_INT_CONVERSION = YES;
				CLANG_WARN_NON_LITERAL_NULL_CONVERSION = YES;
				CLANG_WARN_OBJC_LITERAL_CONVERSION = YES;
				CLANG_WARN_OBJC_ROOT_CLASS = YES_ERROR;
				CLANG_WARN_RANGE_LOOP_ANALYSIS = YES;
				CLANG_WARN_STRICT_PROTOTYPES = YES;
				CLANG_WARN_SUSPICIOUS_MOVE = YES;
				CLANG_WARN_UNREACHABLE_CODE = YES;
				CLANG_WARN__DUPLICATE_METHOD_MATCH = YES;
				"CODE_SIGN_IDENTITY[sdk=iphoneos*]" = "iPhone Developer";
				COPY_PHASE_STRIP = NO;
				CURRENT_PROJECT_VERSION = 1;
				DEBUG_INFORMATION_FORMAT = dwarf;
				ENABLE_STRICT_OBJC_MSGSEND = YES;
				ENABLE_TESTABILITY = YES;
				GCC_C_LANGUAGE_STANDARD = gnu99;
				GCC_DYNAMIC_NO_PIC = NO;
				GCC_NO_COMMON_BLOCKS = YES;
				GCC_OPTIMIZATION_LEVEL = 0;
				GCC_PREPROCESSOR_DEFINITIONS = (
					"DEBUG=1",
					"$(inherited)",
				);
				GCC_WARN_64_TO_32_BIT_CONVERSION = YES;
				GCC_WARN_ABOUT_RETURN_TYPE = YES_ERROR;
				GCC_WARN_UNDECLARED_SELECTOR = YES;
				GCC_WARN_UNINITIALIZED_AUTOS = YES_AGGRESSIVE;
				GCC_WARN_UNUSED_FUNCTION = YES;
				GCC_WARN_UNUSED_VARIABLE = YES;
				IPHONEOS_DEPLOYMENT_TARGET = 9.0;
				MTL_ENABLE_DEBUG_INFO = YES;
				ONLY_ACTIVE_ARCH = YES;
				SDKROOT = iphoneos;
				SWIFT_OPTIMIZATION_LEVEL = "-Onone";
				SWIFT_VERSION = 4.0;
				TARGETED_DEVICE_FAMILY = "1,2";
				VERSIONING_SYSTEM = "apple-generic";
				VERSION_INFO_PREFIX = "";
			};
			name = Debug;
		};
		B01E39421CC44A42009D9FC9 /* Release */ = {
			isa = XCBuildConfiguration;
			buildSettings = {
				ALWAYS_SEARCH_USER_PATHS = NO;
				CLANG_ANALYZER_NONNULL = YES;
				CLANG_CXX_LANGUAGE_STANDARD = "gnu++0x";
				CLANG_CXX_LIBRARY = "libc++";
				CLANG_ENABLE_MODULES = YES;
				CLANG_ENABLE_OBJC_ARC = YES;
				CLANG_WARN_BLOCK_CAPTURE_AUTORELEASING = YES;
				CLANG_WARN_BOOL_CONVERSION = YES;
				CLANG_WARN_COMMA = YES;
				CLANG_WARN_CONSTANT_CONVERSION = YES;
				CLANG_WARN_DIRECT_OBJC_ISA_USAGE = YES_ERROR;
				CLANG_WARN_EMPTY_BODY = YES;
				CLANG_WARN_ENUM_CONVERSION = YES;
				CLANG_WARN_INFINITE_RECURSION = YES;
				CLANG_WARN_INT_CONVERSION = YES;
				CLANG_WARN_NON_LITERAL_NULL_CONVERSION = YES;
				CLANG_WARN_OBJC_LITERAL_CONVERSION = YES;
				CLANG_WARN_OBJC_ROOT_CLASS = YES_ERROR;
				CLANG_WARN_RANGE_LOOP_ANALYSIS = YES;
				CLANG_WARN_STRICT_PROTOTYPES = YES;
				CLANG_WARN_SUSPICIOUS_MOVE = YES;
				CLANG_WARN_UNREACHABLE_CODE = YES;
				CLANG_WARN__DUPLICATE_METHOD_MATCH = YES;
				"CODE_SIGN_IDENTITY[sdk=iphoneos*]" = "iPhone Developer";
				COPY_PHASE_STRIP = NO;
				CURRENT_PROJECT_VERSION = 1;
				DEBUG_INFORMATION_FORMAT = "dwarf-with-dsym";
				ENABLE_NS_ASSERTIONS = NO;
				ENABLE_STRICT_OBJC_MSGSEND = YES;
				GCC_C_LANGUAGE_STANDARD = gnu99;
				GCC_NO_COMMON_BLOCKS = YES;
				GCC_WARN_64_TO_32_BIT_CONVERSION = YES;
				GCC_WARN_ABOUT_RETURN_TYPE = YES_ERROR;
				GCC_WARN_UNDECLARED_SELECTOR = YES;
				GCC_WARN_UNINITIALIZED_AUTOS = YES_AGGRESSIVE;
				GCC_WARN_UNUSED_FUNCTION = YES;
				GCC_WARN_UNUSED_VARIABLE = YES;
				IPHONEOS_DEPLOYMENT_TARGET = 9.0;
				MTL_ENABLE_DEBUG_INFO = NO;
				SDKROOT = iphoneos;
				SWIFT_OPTIMIZATION_LEVEL = "-Owholemodule";
				SWIFT_VERSION = 4.0;
				TARGETED_DEVICE_FAMILY = "1,2";
				VALIDATE_PRODUCT = YES;
				VERSIONING_SYSTEM = "apple-generic";
				VERSION_INFO_PREFIX = "";
			};
			name = Release;
		};
		B01E39441CC44A42009D9FC9 /* Debug */ = {
			isa = XCBuildConfiguration;
			buildSettings = {
				"CODE_SIGN_IDENTITY[sdk=iphoneos*]" = "";
				DEFINES_MODULE = YES;
				DYLIB_COMPATIBILITY_VERSION = 1;
				DYLIB_CURRENT_VERSION = 1;
				DYLIB_INSTALL_NAME_BASE = "@rpath";
				FRAMEWORK_SEARCH_PATHS = (
					"$(inherited)",
					"$(PROJECT_DIR)/Carthage/Build/iOS",
				);
				INFOPLIST_FILE = "$(SRCROOT)/Supporting Files/Info.plist";
				INSTALL_PATH = "$(LOCAL_LIBRARY_DIR)/Frameworks";
				LD_RUNPATH_SEARCH_PATHS = "$(inherited) @executable_path/Frameworks @loader_path/Frameworks";
				PRODUCT_BUNDLE_IDENTIFIER = net.srogers.MoyaGloss;
				PRODUCT_NAME = "$(TARGET_NAME)";
				SKIP_INSTALL = YES;
				SWIFT_SWIFT3_OBJC_INFERENCE = Default;
				SWIFT_VERSION = 4.0;
			};
			name = Debug;
		};
		B01E39451CC44A42009D9FC9 /* Release */ = {
			isa = XCBuildConfiguration;
			buildSettings = {
				"CODE_SIGN_IDENTITY[sdk=iphoneos*]" = "";
				DEFINES_MODULE = YES;
				DYLIB_COMPATIBILITY_VERSION = 1;
				DYLIB_CURRENT_VERSION = 1;
				DYLIB_INSTALL_NAME_BASE = "@rpath";
				FRAMEWORK_SEARCH_PATHS = (
					"$(inherited)",
					"$(PROJECT_DIR)/Carthage/Build/iOS",
				);
				INFOPLIST_FILE = "$(SRCROOT)/Supporting Files/Info.plist";
				INSTALL_PATH = "$(LOCAL_LIBRARY_DIR)/Frameworks";
				LD_RUNPATH_SEARCH_PATHS = "$(inherited) @executable_path/Frameworks @loader_path/Frameworks";
				PRODUCT_BUNDLE_IDENTIFIER = net.srogers.MoyaGloss;
				PRODUCT_NAME = "$(TARGET_NAME)";
				SKIP_INSTALL = YES;
				SWIFT_SWIFT3_OBJC_INFERENCE = Default;
				SWIFT_VERSION = 4.0;
			};
			name = Release;
		};
		B01E39921CC45ABC009D9FC9 /* Debug */ = {
			isa = XCBuildConfiguration;
			buildSettings = {
				"CODE_SIGN_IDENTITY[sdk=iphoneos*]" = "";
				DEFINES_MODULE = YES;
				DYLIB_COMPATIBILITY_VERSION = 1;
				DYLIB_CURRENT_VERSION = 1;
				DYLIB_INSTALL_NAME_BASE = "@rpath";
				FRAMEWORK_SEARCH_PATHS = (
					"$(inherited)",
					"$(PROJECT_DIR)/Carthage/Build/iOS",
				);
				INFOPLIST_FILE = "$(SRCROOT)/Supporting Files/Info.plist";
				INSTALL_PATH = "$(LOCAL_LIBRARY_DIR)/Frameworks";
				IPHONEOS_DEPLOYMENT_TARGET = 9.0;
				LD_RUNPATH_SEARCH_PATHS = "$(inherited) @executable_path/Frameworks @loader_path/Frameworks";
				PRODUCT_BUNDLE_IDENTIFIER = net.srogers.RxMoyaGloss;
				PRODUCT_NAME = "$(TARGET_NAME)";
				SKIP_INSTALL = YES;
				SWIFT_VERSION = 4.0;
			};
			name = Debug;
		};
		B01E39931CC45ABC009D9FC9 /* Release */ = {
			isa = XCBuildConfiguration;
			buildSettings = {
				"CODE_SIGN_IDENTITY[sdk=iphoneos*]" = "";
				DEFINES_MODULE = YES;
				DYLIB_COMPATIBILITY_VERSION = 1;
				DYLIB_CURRENT_VERSION = 1;
				DYLIB_INSTALL_NAME_BASE = "@rpath";
				FRAMEWORK_SEARCH_PATHS = (
					"$(inherited)",
					"$(PROJECT_DIR)/Carthage/Build/iOS",
				);
				INFOPLIST_FILE = "$(SRCROOT)/Supporting Files/Info.plist";
				INSTALL_PATH = "$(LOCAL_LIBRARY_DIR)/Frameworks";
				IPHONEOS_DEPLOYMENT_TARGET = 9.0;
				LD_RUNPATH_SEARCH_PATHS = "$(inherited) @executable_path/Frameworks @loader_path/Frameworks";
				PRODUCT_BUNDLE_IDENTIFIER = net.srogers.RxMoyaGloss;
				PRODUCT_NAME = "$(TARGET_NAME)";
				SKIP_INSTALL = YES;
				SWIFT_VERSION = 4.0;
			};
			name = Release;
		};
		B0D2DE6C1CC45B5500577F82 /* Debug */ = {
			isa = XCBuildConfiguration;
			buildSettings = {
				"CODE_SIGN_IDENTITY[sdk=iphoneos*]" = "";
				DEFINES_MODULE = YES;
				DYLIB_COMPATIBILITY_VERSION = 1;
				DYLIB_CURRENT_VERSION = 1;
				DYLIB_INSTALL_NAME_BASE = "@rpath";
				FRAMEWORK_SEARCH_PATHS = (
					"$(inherited)",
					"$(PROJECT_DIR)/Carthage/Build/iOS",
				);
				INFOPLIST_FILE = "$(SRCROOT)/Supporting Files/Info.plist";
				INSTALL_PATH = "$(LOCAL_LIBRARY_DIR)/Frameworks";
				IPHONEOS_DEPLOYMENT_TARGET = 9.0;
				LD_RUNPATH_SEARCH_PATHS = "$(inherited) @executable_path/Frameworks @loader_path/Frameworks";
				PRODUCT_BUNDLE_IDENTIFIER = net.srogers.ReactiveMoyaGloss;
				PRODUCT_NAME = "$(TARGET_NAME)";
				SKIP_INSTALL = YES;
				SWIFT_VERSION = 4.0;
			};
			name = Debug;
		};
		B0D2DE6D1CC45B5500577F82 /* Release */ = {
			isa = XCBuildConfiguration;
			buildSettings = {
				"CODE_SIGN_IDENTITY[sdk=iphoneos*]" = "";
				DEFINES_MODULE = YES;
				DYLIB_COMPATIBILITY_VERSION = 1;
				DYLIB_CURRENT_VERSION = 1;
				DYLIB_INSTALL_NAME_BASE = "@rpath";
				FRAMEWORK_SEARCH_PATHS = (
					"$(inherited)",
					"$(PROJECT_DIR)/Carthage/Build/iOS",
				);
				INFOPLIST_FILE = "$(SRCROOT)/Supporting Files/Info.plist";
				INSTALL_PATH = "$(LOCAL_LIBRARY_DIR)/Frameworks";
				IPHONEOS_DEPLOYMENT_TARGET = 9.0;
				LD_RUNPATH_SEARCH_PATHS = "$(inherited) @executable_path/Frameworks @loader_path/Frameworks";
				PRODUCT_BUNDLE_IDENTIFIER = net.srogers.ReactiveMoyaGloss;
				PRODUCT_NAME = "$(TARGET_NAME)";
				SKIP_INSTALL = YES;
				SWIFT_VERSION = 4.0;
			};
			name = Release;
		};
		E90E61531EA157A700E2DC19 /* Debug */ = {
			isa = XCBuildConfiguration;
			buildSettings = {
				CLANG_ANALYZER_NUMBER_OBJECT_CONVERSION = YES_AGGRESSIVE;
				CLANG_WARN_DOCUMENTATION_COMMENTS = YES;
				CODE_SIGN_IDENTITY = "-";
				COMBINE_HIDPI_IMAGES = YES;
				DEFINES_MODULE = YES;
				DYLIB_COMPATIBILITY_VERSION = 1;
				DYLIB_CURRENT_VERSION = 1;
				DYLIB_INSTALL_NAME_BASE = "@rpath";
				FRAMEWORK_SEARCH_PATHS = (
					"$(inherited)",
					"$(PROJECT_DIR)/Carthage/Build/Mac",
				);
				FRAMEWORK_VERSION = A;
				INFOPLIST_FILE = "$(SRCROOT)/Supporting Files/Info.plist";
				INSTALL_PATH = "$(LOCAL_LIBRARY_DIR)/Frameworks";
				LD_RUNPATH_SEARCH_PATHS = "$(inherited) @executable_path/../Frameworks @loader_path/Frameworks";
				MACOSX_DEPLOYMENT_TARGET = 10.11;
				PRODUCT_BUNDLE_IDENTIFIER = net.srogers.MoyaGloss;
				PRODUCT_NAME = MoyaGloss;
				SDKROOT = macosx;
				SKIP_INSTALL = YES;
			};
			name = Debug;
		};
		E90E61541EA157A700E2DC19 /* Release */ = {
			isa = XCBuildConfiguration;
			buildSettings = {
				CLANG_ANALYZER_NUMBER_OBJECT_CONVERSION = YES_AGGRESSIVE;
				CLANG_WARN_DOCUMENTATION_COMMENTS = YES;
				CODE_SIGN_IDENTITY = "-";
				COMBINE_HIDPI_IMAGES = YES;
				DEFINES_MODULE = YES;
				DYLIB_COMPATIBILITY_VERSION = 1;
				DYLIB_CURRENT_VERSION = 1;
				DYLIB_INSTALL_NAME_BASE = "@rpath";
				FRAMEWORK_SEARCH_PATHS = (
					"$(inherited)",
					"$(PROJECT_DIR)/Carthage/Build/Mac",
				);
				FRAMEWORK_VERSION = A;
				INFOPLIST_FILE = "$(SRCROOT)/Supporting Files/Info.plist";
				INSTALL_PATH = "$(LOCAL_LIBRARY_DIR)/Frameworks";
				LD_RUNPATH_SEARCH_PATHS = "$(inherited) @executable_path/../Frameworks @loader_path/Frameworks";
				MACOSX_DEPLOYMENT_TARGET = 10.11;
				PRODUCT_BUNDLE_IDENTIFIER = net.srogers.MoyaGloss;
				PRODUCT_NAME = MoyaGloss;
				SDKROOT = macosx;
				SKIP_INSTALL = YES;
			};
			name = Release;
		};
		E90E616D1EA1607B00E2DC19 /* Debug */ = {
			isa = XCBuildConfiguration;
			buildSettings = {
				CLANG_ANALYZER_NUMBER_OBJECT_CONVERSION = YES_AGGRESSIVE;
				CLANG_WARN_DOCUMENTATION_COMMENTS = YES;
				CODE_SIGN_IDENTITY = "-";
				COMBINE_HIDPI_IMAGES = YES;
				DEFINES_MODULE = YES;
				DYLIB_COMPATIBILITY_VERSION = 1;
				DYLIB_CURRENT_VERSION = 1;
				DYLIB_INSTALL_NAME_BASE = "@rpath";
				FRAMEWORK_SEARCH_PATHS = (
					"$(inherited)",
					"$(PROJECT_DIR)/Carthage/Build/Mac",
				);
				FRAMEWORK_VERSION = A;
				INFOPLIST_FILE = "RxMoyaGloss-macOS/Info.plist";
				INSTALL_PATH = "$(LOCAL_LIBRARY_DIR)/Frameworks";
				LD_RUNPATH_SEARCH_PATHS = "$(inherited) @executable_path/../Frameworks @loader_path/Frameworks";
				MACOSX_DEPLOYMENT_TARGET = 10.11;
				PRODUCT_BUNDLE_IDENTIFIER = net.srogers.RxMoyaGloss;
				PRODUCT_NAME = RxMoyaGloss;
				SDKROOT = macosx;
				SKIP_INSTALL = YES;
				SWIFT_ACTIVE_COMPILATION_CONDITIONS = DEBUG;
				SWIFT_VERSION = 4.0;
			};
			name = Debug;
		};
		E90E616E1EA1607B00E2DC19 /* Release */ = {
			isa = XCBuildConfiguration;
			buildSettings = {
				CLANG_ANALYZER_NUMBER_OBJECT_CONVERSION = YES_AGGRESSIVE;
				CLANG_WARN_DOCUMENTATION_COMMENTS = YES;
				CODE_SIGN_IDENTITY = "-";
				COMBINE_HIDPI_IMAGES = YES;
				DEFINES_MODULE = YES;
				DYLIB_COMPATIBILITY_VERSION = 1;
				DYLIB_CURRENT_VERSION = 1;
				DYLIB_INSTALL_NAME_BASE = "@rpath";
				FRAMEWORK_SEARCH_PATHS = (
					"$(inherited)",
					"$(PROJECT_DIR)/Carthage/Build/Mac",
				);
				FRAMEWORK_VERSION = A;
				INFOPLIST_FILE = "RxMoyaGloss-macOS/Info.plist";
				INSTALL_PATH = "$(LOCAL_LIBRARY_DIR)/Frameworks";
				LD_RUNPATH_SEARCH_PATHS = "$(inherited) @executable_path/../Frameworks @loader_path/Frameworks";
				MACOSX_DEPLOYMENT_TARGET = 10.11;
				PRODUCT_BUNDLE_IDENTIFIER = net.srogers.RxMoyaGloss;
				PRODUCT_NAME = RxMoyaGloss;
				SDKROOT = macosx;
				SKIP_INSTALL = YES;
				SWIFT_VERSION = 4.0;
			};
			name = Release;
		};
		E90E61871EA1617F00E2DC19 /* Debug */ = {
			isa = XCBuildConfiguration;
			buildSettings = {
				CLANG_ANALYZER_NUMBER_OBJECT_CONVERSION = YES_AGGRESSIVE;
				CLANG_WARN_DOCUMENTATION_COMMENTS = YES;
				CODE_SIGN_IDENTITY = "-";
				COMBINE_HIDPI_IMAGES = YES;
				DEFINES_MODULE = YES;
				DYLIB_COMPATIBILITY_VERSION = 1;
				DYLIB_CURRENT_VERSION = 1;
				DYLIB_INSTALL_NAME_BASE = "@rpath";
				FRAMEWORK_SEARCH_PATHS = (
					"$(inherited)",
					"$(PROJECT_DIR)/Carthage/Build/Mac",
				);
				FRAMEWORK_VERSION = A;
				INFOPLIST_FILE = "ReactiveMoyaGloss-macOS/Info.plist";
				INSTALL_PATH = "$(LOCAL_LIBRARY_DIR)/Frameworks";
				LD_RUNPATH_SEARCH_PATHS = "$(inherited) @executable_path/../Frameworks @loader_path/Frameworks";
				MACOSX_DEPLOYMENT_TARGET = 10.11;
				PRODUCT_BUNDLE_IDENTIFIER = net.srogers.ReactiveMoyaGloss;
				PRODUCT_NAME = ReactiveMoyaGloss;
				SDKROOT = macosx;
				SKIP_INSTALL = YES;
				SWIFT_ACTIVE_COMPILATION_CONDITIONS = DEBUG;
				SWIFT_VERSION = 4.0;
			};
			name = Debug;
		};
		E90E61881EA1617F00E2DC19 /* Release */ = {
			isa = XCBuildConfiguration;
			buildSettings = {
				CLANG_ANALYZER_NUMBER_OBJECT_CONVERSION = YES_AGGRESSIVE;
				CLANG_WARN_DOCUMENTATION_COMMENTS = YES;
				CODE_SIGN_IDENTITY = "-";
				COMBINE_HIDPI_IMAGES = YES;
				DEFINES_MODULE = YES;
				DYLIB_COMPATIBILITY_VERSION = 1;
				DYLIB_CURRENT_VERSION = 1;
				DYLIB_INSTALL_NAME_BASE = "@rpath";
				FRAMEWORK_SEARCH_PATHS = (
					"$(inherited)",
					"$(PROJECT_DIR)/Carthage/Build/Mac",
				);
				FRAMEWORK_VERSION = A;
				INFOPLIST_FILE = "ReactiveMoyaGloss-macOS/Info.plist";
				INSTALL_PATH = "$(LOCAL_LIBRARY_DIR)/Frameworks";
				LD_RUNPATH_SEARCH_PATHS = "$(inherited) @executable_path/../Frameworks @loader_path/Frameworks";
				MACOSX_DEPLOYMENT_TARGET = 10.11;
				PRODUCT_BUNDLE_IDENTIFIER = net.srogers.ReactiveMoyaGloss;
				PRODUCT_NAME = ReactiveMoyaGloss;
				SDKROOT = macosx;
				SKIP_INSTALL = YES;
				SWIFT_VERSION = 4.0;
			};
			name = Release;
		};
/* End XCBuildConfiguration section */

/* Begin XCConfigurationList section */
		B01E39351CC44A42009D9FC9 /* Build configuration list for PBXProject "MoyaGloss" */ = {
			isa = XCConfigurationList;
			buildConfigurations = (
				B01E39411CC44A42009D9FC9 /* Debug */,
				B01E39421CC44A42009D9FC9 /* Release */,
			);
			defaultConfigurationIsVisible = 0;
			defaultConfigurationName = Release;
		};
		B01E39431CC44A42009D9FC9 /* Build configuration list for PBXNativeTarget "MoyaGloss" */ = {
			isa = XCConfigurationList;
			buildConfigurations = (
				B01E39441CC44A42009D9FC9 /* Debug */,
				B01E39451CC44A42009D9FC9 /* Release */,
			);
			defaultConfigurationIsVisible = 0;
			defaultConfigurationName = Release;
		};
		B01E39941CC45ABC009D9FC9 /* Build configuration list for PBXNativeTarget "RxMoyaGloss" */ = {
			isa = XCConfigurationList;
			buildConfigurations = (
				B01E39921CC45ABC009D9FC9 /* Debug */,
				B01E39931CC45ABC009D9FC9 /* Release */,
			);
			defaultConfigurationIsVisible = 0;
			defaultConfigurationName = Release;
		};
		B0D2DE6E1CC45B5500577F82 /* Build configuration list for PBXNativeTarget "ReactiveMoyaGloss" */ = {
			isa = XCConfigurationList;
			buildConfigurations = (
				B0D2DE6C1CC45B5500577F82 /* Debug */,
				B0D2DE6D1CC45B5500577F82 /* Release */,
			);
			defaultConfigurationIsVisible = 0;
			defaultConfigurationName = Release;
		};
		E90E61551EA157A700E2DC19 /* Build configuration list for PBXNativeTarget "MoyaGloss-macOS" */ = {
			isa = XCConfigurationList;
			buildConfigurations = (
				E90E61531EA157A700E2DC19 /* Debug */,
				E90E61541EA157A700E2DC19 /* Release */,
			);
			defaultConfigurationIsVisible = 0;
			defaultConfigurationName = Release;
		};
		E90E616C1EA1607B00E2DC19 /* Build configuration list for PBXNativeTarget "RxMoyaGloss-macOS" */ = {
			isa = XCConfigurationList;
			buildConfigurations = (
				E90E616D1EA1607B00E2DC19 /* Debug */,
				E90E616E1EA1607B00E2DC19 /* Release */,
			);
			defaultConfigurationIsVisible = 0;
			defaultConfigurationName = Release;
		};
		E90E61861EA1617F00E2DC19 /* Build configuration list for PBXNativeTarget "ReactiveMoyaGloss-macOS" */ = {
			isa = XCConfigurationList;
			buildConfigurations = (
				E90E61871EA1617F00E2DC19 /* Debug */,
				E90E61881EA1617F00E2DC19 /* Release */,
			);
			defaultConfigurationIsVisible = 0;
			defaultConfigurationName = Release;
		};
/* End XCConfigurationList section */
	};
	rootObject = B01E39321CC44A42009D9FC9 /* Project object */;
}
